// !$*UTF8*$!
{
	archiveVersion = 1;
	classes = {
	};
	objectVersion = 46;
	objects = {

/* Begin PBXBuildFile section */
		02B586D964836D51B9590340 /* Images.xcassets in Resources */ = {isa = PBXBuildFile; fileRef = 3C08AD7227A21E355150ADE6 /* Images.xcassets */; };
		04352771EE7ADBBF547557A4 /* UnityReplayKit_Scripting.mm in Sources */ = {isa = PBXBuildFile; fileRef = E0B19BBE8C4604940C707625 /* UnityReplayKit_Scripting.mm */; };
		0744B8C1A40FE842EAFBC0F3 /* EAGLContextHelper.mm in Sources */ = {isa = PBXBuildFile; fileRef = 7DFBA0F8CB1070730F39FE86 /* EAGLContextHelper.mm */; };
		08B24F76137BFDFA00FBA309 /* iAd.framework in Frameworks */ = {isa = PBXBuildFile; fileRef = 08B24F75137BFDFA00FBA309 /* iAd.framework */; settings = {ATTRIBUTES = (Required, ); }; };
		0955A7781F53E5F104DD220F /* UnityViewControllerBaseiOS.mm in Sources */ = {isa = PBXBuildFile; fileRef = 585A62B76424ABC68F839B79 /* UnityViewControllerBaseiOS.mm */; };
		14692BB4CC542C6F1643BFDC /* CrashReporter.mm in Sources */ = {isa = PBXBuildFile; fileRef = 6973C228EA527277D69A845C /* CrashReporter.mm */; };
		16D3930A6A0543751B4F8630 /* GlesHelper.mm in Sources */ = {isa = PBXBuildFile; fileRef = 657037EBA4B2A40C8B51CEC0 /* GlesHelper.mm */; };
		17E2C07577A687C86B439BF7 /* LaunchScreen-iPhoneLandscape.png in Resources */ = {isa = PBXBuildFile; fileRef = C60568B36213E0CCF4C27A55 /* LaunchScreen-iPhoneLandscape.png */; };
		1BBB49FE51053934A7D3C145 /* MetalHelper.mm in Sources */ = {isa = PBXBuildFile; fileRef = 498AE69526A42134628B874A /* MetalHelper.mm */; };
		1C38ED4D3AADCF7A4BE21CDB /* AVCapture.mm in Sources */ = {isa = PBXBuildFile; fileRef = E88AB6447D8653D8C585BFC9 /* AVCapture.mm */; };
		1D60589F0D05DD5A006BFB54 /* Foundation.framework in Frameworks */ = {isa = PBXBuildFile; fileRef = 1D30AB110D05D00D00671497 /* Foundation.framework */; };
		1DEBB85E53BFF0C17783A20E /* SplashScreen.mm in Sources */ = {isa = PBXBuildFile; fileRef = EB52651E2359DD957762D896 /* SplashScreen.mm */; };
		2225EFBD9266DE2D57FF9965 /* UTNotificationsTools.mm in Sources */ = {isa = PBXBuildFile; fileRef = 6C07DD59FF4D152E66BFC7F9 /* UTNotificationsTools.mm */; };
		2385EC4A1F7DC38B000DC45E /* UserNotifications.framework in Frameworks */ = {isa = PBXBuildFile; fileRef = 2385EC491F7DC38B000DC45E /* UserNotifications.framework */; };
		2578606216A9027870B5C447 /* iPhone_Sensors.mm in Sources */ = {isa = PBXBuildFile; fileRef = 66D75C4832F5ED6E030216F1 /* iPhone_Sensors.mm */; };
		273EE5B9B92AC683D0CE786B /* CameraCapture.mm in Sources */ = {isa = PBXBuildFile; fileRef = 2167B9C45B33ACBC132A8820 /* CameraCapture.mm */; };
		29A2840A00D5FA9F2ED8D140 /* AppDelegateListener.mm in Sources */ = {isa = PBXBuildFile; fileRef = 57B55EC3DAD9586C8674C1B4 /* AppDelegateListener.mm */; };
		2B76A5B91E4E102800990EC0 /* WebKit.framework in Frameworks */ = {isa = PBXBuildFile; fileRef = 2B76A5B81E4E102800990EC0 /* WebKit.framework */; };
		2C94CF28DA5EBFAF3551D645 /* Il2CppOptions.cpp in Sources */ = {isa = PBXBuildFile; fileRef = 8B3A03F713EA1F91C1572307 /* Il2CppOptions.cpp */; };
		304CEFC93FA2C2DCFBE4A5CA /* DeviceSettings.mm in Sources */ = {isa = PBXBuildFile; fileRef = 54BF5D7D4068BA8F8EEC6287 /* DeviceSettings.mm */; };
		34857C4BC95EA4D614531ACF /* RegisterFeatures.cpp in Sources */ = {isa = PBXBuildFile; fileRef = F5BC2F8353B95DFD13FEB1D9 /* RegisterFeatures.cpp */; };
		405EF7C18A955864E7629C7F /* libiPhone-lib.a in Frameworks */ = {isa = PBXBuildFile; fileRef = DA379A57EB615B22B0880E66 /* libiPhone-lib.a */; };
		428C6E6E29A8EDDD60E07CEE /* cozmoAppController.mm in Sources */ = {isa = PBXBuildFile; fileRef = 6037C81DF5603D213C8B2533 /* cozmoAppController.mm */; };
		468C75E91A96C18D001011B7 /* libc++.dylib in Frameworks */ = {isa = PBXBuildFile; fileRef = 468C75E81A96C18D001011B7 /* libc++.dylib */; };
		46D2C2401B4F9D6B00FC7553 /* libcozmoEngine.a in Frameworks */ = {isa = PBXBuildFile; fileRef = 46D2C2371B4F9D6B00FC7553 /* libcozmoEngine.a */; };
		46D2C2421B4F9D6B00FC7553 /* libctiCommon.a in Frameworks */ = {isa = PBXBuildFile; fileRef = 46D2C2391B4F9D6B00FC7553 /* libctiCommon.a */; };
		46D2C2431B4F9D6B00FC7553 /* libctiMessaging.a in Frameworks */ = {isa = PBXBuildFile; fileRef = 46D2C23A1B4F9D6B00FC7553 /* libctiMessaging.a */; };
		46D2C2441B4F9D6B00FC7553 /* libctiPlanning.a in Frameworks */ = {isa = PBXBuildFile; fileRef = 46D2C23B1B4F9D6B00FC7553 /* libctiPlanning.a */; };
		46D2C2451B4F9D6B00FC7553 /* libctiVision.a in Frameworks */ = {isa = PBXBuildFile; fileRef = 46D2C23C1B4F9D6B00FC7553 /* libctiVision.a */; };
		46D2C2461B4F9D6B00FC7553 /* libjsoncpp.a in Frameworks */ = {isa = PBXBuildFile; fileRef = 46D2C23D1B4F9D6B00FC7553 /* libjsoncpp.a */; };
		46D2C2471B4F9D6B00FC7553 /* libkazmath.a in Frameworks */ = {isa = PBXBuildFile; fileRef = 46D2C23E1B4F9D6B00FC7553 /* libkazmath.a */; };
		46D2C2481B4F9D6B00FC7553 /* libutil.a in Frameworks */ = {isa = PBXBuildFile; fileRef = 46D2C23F1B4F9D6B00FC7553 /* libutil.a */; };
		46D2C2F91B4FA6AC00FC7553 /* libctiCommonRobot.a in Frameworks */ = {isa = PBXBuildFile; fileRef = 46D2C2F81B4FA6AC00FC7553 /* libctiCommonRobot.a */; };
		46D2C2FE1B4FAA0800FC7553 /* libctiVisionRobot.a in Frameworks */ = {isa = PBXBuildFile; fileRef = 46D2C2FD1B4FAA0800FC7553 /* libctiVisionRobot.a */; };
		4916CEA9DB9FC7D2C14E0D6F /* UnityView.mm in Sources */ = {isa = PBXBuildFile; fileRef = CD2E52B7B6FE39E84DD463FD /* UnityView.mm */; };
		491A6D981B5F1D64003E91FB /* Security.framework in Frameworks */ = {isa = PBXBuildFile; fileRef = 491A6D971B5F1D64003E91FB /* Security.framework */; };
		495653CC1C7FEE3F0054EB7F /* opencv2.framework in Frameworks */ = {isa = PBXBuildFile; fileRef = 495653CB1C7FEE3F0054EB7F /* opencv2.framework */; };
		496F39DF58DEEFFACB6159C0 /* FullScreenVideoPlayer.mm in Sources */ = {isa = PBXBuildFile; fileRef = FE19262FE604627F75DD2149 /* FullScreenVideoPlayer.mm */; };
		4AE3DECF81894DFB43446A54 /* OnDemandResources.mm in Sources */ = {isa = PBXBuildFile; fileRef = 22B540F24D35CDDA4795F67E /* OnDemandResources.mm */; };
		53FCE686A8AEC6E6549C142B /* RenderPluginDelegate.mm in Sources */ = {isa = PBXBuildFile; fileRef = EC5AD5EE276544CE791A100D /* RenderPluginDelegate.mm */; };
		5682F4B20F3B34FF007A219C /* MediaPlayer.framework in Frameworks */ = {isa = PBXBuildFile; fileRef = 5682F4B10F3B34FF007A219C /* MediaPlayer.framework */; };
		5692F3DD0FA9D8E500EBA2F1 /* CoreLocation.framework in Frameworks */ = {isa = PBXBuildFile; fileRef = 5692F3DC0FA9D8E500EBA2F1 /* CoreLocation.framework */; };
		56B7959B1442E0F20026B3DD /* CoreGraphics.framework in Frameworks */ = {isa = PBXBuildFile; fileRef = 56B7959A1442E0F20026B3DD /* CoreGraphics.framework */; };
		56B7960F1442E1770026B3DD /* CoreMotion.framework in Frameworks */ = {isa = PBXBuildFile; fileRef = 56B795C11442E1100026B3DD /* CoreMotion.framework */; settings = {ATTRIBUTES = (Required, ); }; };
		56BCBA390FCF049A0030C3B2 /* SystemConfiguration.framework in Frameworks */ = {isa = PBXBuildFile; fileRef = 56BCBA380FCF049A0030C3B2 /* SystemConfiguration.framework */; };
		56FD43960ED4745200FE3770 /* CFNetwork.framework in Frameworks */ = {isa = PBXBuildFile; fileRef = 56FD43950ED4745200FE3770 /* CFNetwork.framework */; };
		58B873D3DA9D60002D35F635 /* WWWConnection.mm in Sources */ = {isa = PBXBuildFile; fileRef = 872D8FE853E21136529C3BDB /* WWWConnection.mm */; };
		5EB556F7464CD4F22E3E8D22 /* Keyboard.mm in Sources */ = {isa = PBXBuildFile; fileRef = 06EB52DAFDEFD540C7BEF484 /* Keyboard.mm */; };
		604B762AFB5CB3E928C3755E /* UnityReplayKit.mm in Sources */ = {isa = PBXBuildFile; fileRef = 3AEA98CAE9876CED034B3932 /* UnityReplayKit.mm */; };
		654BDCE249E0B7114217EF00 /* UnityAppController+ViewHandling.mm in Sources */ = {isa = PBXBuildFile; fileRef = E01678637E413DC8C038A613 /* UnityAppController+ViewHandling.mm */; };
		6E5962D7AAE351C7B344D0FE /* CVTextureCache.mm in Sources */ = {isa = PBXBuildFile; fileRef = 3A3FBE47363BF83270FD67BF /* CVTextureCache.mm */; };
		6F5432281C891C70006D3724 /* HockeySDK.framework in Frameworks */ = {isa = PBXBuildFile; fileRef = 6F5432271C891C70006D3724 /* HockeySDK.framework */; };
		6F5432371C89288F006D3724 /* AssetsLibrary.framework in Frameworks */ = {isa = PBXBuildFile; fileRef = 6F5432361C89288F006D3724 /* AssetsLibrary.framework */; };
		6F5432391C8928AF006D3724 /* MobileCoreServices.framework in Frameworks */ = {isa = PBXBuildFile; fileRef = 6F5432381C8928AF006D3724 /* MobileCoreServices.framework */; };
		6F54323B1C8928C4006D3724 /* QuickLook.framework in Frameworks */ = {isa = PBXBuildFile; fileRef = 6F54323A1C8928C4006D3724 /* QuickLook.framework */; };
		6F8A8C8D1E95B2400020E1BA /* MediaToolbox.framework in Frameworks */ = {isa = PBXBuildFile; fileRef = 6F8A8C8C1E95B2400020E1BA /* MediaToolbox.framework */; };
		70C59CE08D285EDEF400756E /* LifeCycleListener.mm in Sources */ = {isa = PBXBuildFile; fileRef = B676DEF4753207601737D2C0 /* LifeCycleListener.mm */; };
		7A0EA216753BA2A39C418664 /* VideoPlayerPlugin.mm in Sources */ = {isa = PBXBuildFile; fileRef = 2C45B2AF6726FF2E7C80FB13 /* VideoPlayerPlugin.mm */; };
		7D5E1D670ECA5B47BC5FC39A /* main.mm in Sources */ = {isa = PBXBuildFile; fileRef = F380AA58FF9ED04651070A08 /* main.mm */; };
		7F36C11113C5C673007FBDD9 /* CoreMedia.framework in Frameworks */ = {isa = PBXBuildFile; fileRef = 7F36C10E13C5C673007FBDD9 /* CoreMedia.framework */; };
		7F36C11213C5C673007FBDD9 /* CoreVideo.framework in Frameworks */ = {isa = PBXBuildFile; fileRef = 7F36C10F13C5C673007FBDD9 /* CoreVideo.framework */; };
		7F36C11313C5C673007FBDD9 /* AVFoundation.framework in Frameworks */ = {isa = PBXBuildFile; fileRef = 7F36C11013C5C673007FBDD9 /* AVFoundation.framework */; settings = {ATTRIBUTES = (Required, ); }; };
		830B5C110E5ED4C100C7819F /* UIKit.framework in Frameworks */ = {isa = PBXBuildFile; fileRef = 830B5C100E5ED4C100C7819F /* UIKit.framework */; };
		8358D1B80ED1CC3700E3A684 /* AudioToolbox.framework in Frameworks */ = {isa = PBXBuildFile; fileRef = 8358D1B70ED1CC3700E3A684 /* AudioToolbox.framework */; };
		83B256E20E62FEA000468741 /* OpenGLES.framework in Frameworks */ = {isa = PBXBuildFile; fileRef = 83B256E10E62FEA000468741 /* OpenGLES.framework */; };
		83B2570B0E62FF8A00468741 /* QuartzCore.framework in Frameworks */ = {isa = PBXBuildFile; fileRef = 83B2570A0E62FF8A00468741 /* QuartzCore.framework */; };
		83B2574C0E63022200468741 /* OpenAL.framework in Frameworks */ = {isa = PBXBuildFile; fileRef = 83B2574B0E63022200468741 /* OpenAL.framework */; };
		83B2574F0E63025400468741 /* libiconv.2.dylib in Frameworks */ = {isa = PBXBuildFile; fileRef = 83B2574E0E63025400468741 /* libiconv.2.dylib */; };
		85065E851BF1904400DBAF35 /* libAudioEngine.a in Frameworks */ = {isa = PBXBuildFile; fileRef = 85065E841BF1904400DBAF35 /* libAudioEngine.a */; };
		85C99FC81E3AF0FA00EA82E0 /* libaudioUtil.a in Frameworks */ = {isa = PBXBuildFile; fileRef = 85C99FC71E3AF0FA00EA82E0 /* libaudioUtil.a */; };
		85DD01461CD2A17300F2EAD5 /* CoreBluetooth.framework in Frameworks */ = {isa = PBXBuildFile; fileRef = 85DD01451CD2A17300F2EAD5 /* CoreBluetooth.framework */; };
		85DEB8FF1C652A3C00202214 /* libDAS.a in Frameworks */ = {isa = PBXBuildFile; fileRef = 85DEB8FE1C652A3C00202214 /* libDAS.a */; };
		85DF60091CA337F5002F99DA /* CozmoWifiConfigTemplate.mobileconfig in Resources */ = {isa = PBXBuildFile; fileRef = 85DF60081CA337F5002F99DA /* CozmoWifiConfigTemplate.mobileconfig */; };
		89DF4310C616D94918EAA3DE /* UnityViewControllerBaseTV.mm in Sources */ = {isa = PBXBuildFile; fileRef = 0589866AA94061F2E148E399 /* UnityViewControllerBaseTV.mm */; };
		8A130FF866E19251613A7E20 /* Filesystem.mm in Sources */ = {isa = PBXBuildFile; fileRef = 81F27C56A6EC267EF47D648C /* Filesystem.mm */; };
		8D061DB0D685A1DA6CA66039 /* LaunchScreen-iPhonePortrait.png in Resources */ = {isa = PBXBuildFile; fileRef = D553E3C3AE3E9F95BAEFE9A7 /* LaunchScreen-iPhonePortrait.png */; };
		93A4C14B1647E6526C7EB60B /* RegisterMonoModules.cpp in Sources */ = {isa = PBXBuildFile; fileRef = 02F7B3D102B6D56E3AED8FBD /* RegisterMonoModules.cpp */; };
		9E0E70EAF487F837F2030006 /* OrientationSupport.mm in Sources */ = {isa = PBXBuildFile; fileRef = C413CECCC25579DB5CF75DDD /* OrientationSupport.mm */; };
		A1075F60357CDCE4BF4D02B6 /* UnityViewControllerListener.mm in Sources */ = {isa = PBXBuildFile; fileRef = 50C487894F530BC620776E29 /* UnityViewControllerListener.mm */; };
		A275A8CA1AF27D7AB35B25DC /* CMVideoSampling.mm in Sources */ = {isa = PBXBuildFile; fileRef = 480295F402FF93083FED53F2 /* CMVideoSampling.mm */; };
		AEECFFC6A184AD0E15EFE8BA /* ObjCRuntime.mm in Sources */ = {isa = PBXBuildFile; fileRef = DC814581D953FDA1AB4D78E8 /* ObjCRuntime.mm */; };
		B0E79F1301C53951C2DE6310 /* DisplayManager.mm in Sources */ = {isa = PBXBuildFile; fileRef = C5A66AFCF70A4FAC3F5D6067 /* DisplayManager.mm */; };
		B4BE576FA29A1C771F875973 /* VideoPlayer.mm in Sources */ = {isa = PBXBuildFile; fileRef = F0A4E509436FBFB63F42A329 /* VideoPlayer.mm */; };
		B92377D9FC90ECA3D8AB5D74 /* WebView.mm in Sources */ = {isa = PBXBuildFile; fileRef = 4506769C2E1C900BDAEEAE47 /* WebView.mm */; };
		BFAD348E48FDA12BD46DBCA2 /* ActivityIndicator.mm in Sources */ = {isa = PBXBuildFile; fileRef = B706760157BF61C7E1D856A1 /* ActivityIndicator.mm */; };
		C93AF5A098D4D17381964239 /* UnityAppController.mm in Sources */ = {isa = PBXBuildFile; fileRef = 4B61955EFC33F67ED27FAA85 /* UnityAppController.mm */; };
		D688A0149C5A80EFB1884568 /* LaunchScreen-iPhone.xib in Resources */ = {isa = PBXBuildFile; fileRef = 7E0A6A38E5B5664A84454B0B /* LaunchScreen-iPhone.xib */; };
		D860ACF82B3464CF57ADFF0D /* UnityAppController+UnityInterface.mm in Sources */ = {isa = PBXBuildFile; fileRef = 1B551AAF42AE0E6A719E2CDF /* UnityAppController+UnityInterface.mm */; };
		DA4CFCA31E3954CB00D56793 /* Settings.bundle in Resources */ = {isa = PBXBuildFile; fileRef = DA4CFCA21E3954CB00D56793 /* Settings.bundle */; };
		DB69BDC882CA17962DF3C327 /* UnityAdsUnityWrapper.mm in Sources */ = {isa = PBXBuildFile; fileRef = DE853B150001873BCA2B52A4 /* UnityAdsUnityWrapper.mm */; };
		E13C1706991F4DAC1BDC122A /* CustomVideoPlayer.mm in Sources */ = {isa = PBXBuildFile; fileRef = 062F41386AB5234C14755576 /* CustomVideoPlayer.mm */; };
		EC592C7353C1438449A0B4BE /* InternalProfiler.cpp in Sources */ = {isa = PBXBuildFile; fileRef = E42E274EA44A59C0030BBA5C /* InternalProfiler.cpp */; };
		F8BD0CE01B5EAF0400F71EA3 /* ios.xcconfig in Resources */ = {isa = PBXBuildFile; fileRef = F8BD0CDF1B5EAF0400F71EA3 /* ios.xcconfig */; };
		F8BD0CFA1B5EB38D00F71EA3 /* CoreText.framework in Frameworks */ = {isa = PBXBuildFile; fileRef = F8BD0CF91B5EB38D00F71EA3 /* CoreText.framework */; };
		FFAB9C01FF3FA2C4E6EDF50D /* UnityAppController+Rendering.mm in Sources */ = {isa = PBXBuildFile; fileRef = 4DEB9F0D032BF61C7A6E2609 /* UnityAppController+Rendering.mm */; };
/* End PBXBuildFile section */

/* Begin PBXCopyFilesBuildPhase section */
		49109E091B8BAFB400827BBF /* Embed Frameworks */ = {
			isa = PBXCopyFilesBuildPhase;
			buildActionMask = 2147483647;
			dstPath = "";
			dstSubfolderSpec = 10;
			files = (
			);
			name = "Embed Frameworks";
			runOnlyForDeploymentPostprocessing = 0;
		};
/* End PBXCopyFilesBuildPhase section */

/* Begin PBXFileReference section */
		01289A54A95A8D904086C2A0 /* IUnityInterface.h */ = {isa = PBXFileReference; fileEncoding = 4; lastKnownFileType = sourcecode.c.h; name = IUnityInterface.h; path = UnityBuild/Classes/Unity/IUnityInterface.h; sourceTree = "<group>"; };
		02F7B3D102B6D56E3AED8FBD /* RegisterMonoModules.cpp */ = {isa = PBXFileReference; fileEncoding = 4; lastKnownFileType = sourcecode.cpp.cpp; name = RegisterMonoModules.cpp; path = UnityBuild/Libraries/RegisterMonoModules.cpp; sourceTree = "<group>"; };
		0589866AA94061F2E148E399 /* UnityViewControllerBaseTV.mm */ = {isa = PBXFileReference; fileEncoding = 4; lastKnownFileType = sourcecode.cpp.objc; name = UnityViewControllerBaseTV.mm; path = UnityBuild/Classes/UI/UnityViewControllerBaseTV.mm; sourceTree = "<group>"; };
		062F41386AB5234C14755576 /* CustomVideoPlayer.mm */ = {isa = PBXFileReference; fileEncoding = 4; lastKnownFileType = sourcecode.cpp.objc; name = CustomVideoPlayer.mm; path = UnityBuild/Libraries/Plugins/iOS/CustomVideoPlayer.mm; sourceTree = "<group>"; };
		064E4A675DD13129EB066509 /* UnityAppController+UnityInterface.h */ = {isa = PBXFileReference; fileEncoding = 4; lastKnownFileType = sourcecode.c.h; name = "UnityAppController+UnityInterface.h"; path = "UnityBuild/Classes/UnityAppController+UnityInterface.h"; sourceTree = "<group>"; };
		06EB52DAFDEFD540C7BEF484 /* Keyboard.mm */ = {isa = PBXFileReference; fileEncoding = 4; lastKnownFileType = sourcecode.cpp.objc; name = Keyboard.mm; path = UnityBuild/Classes/UI/Keyboard.mm; sourceTree = "<group>"; };
		08B24F75137BFDFA00FBA309 /* iAd.framework */ = {isa = PBXFileReference; lastKnownFileType = wrapper.framework; name = iAd.framework; path = System/Library/Frameworks/iAd.framework; sourceTree = SDKROOT; };
		0A8DB35C88E2678ABFFE72EE /* Vector3.h */ = {isa = PBXFileReference; fileEncoding = 4; lastKnownFileType = sourcecode.c.h; name = Vector3.h; path = UnityBuild/Classes/Vector3.h; sourceTree = "<group>"; };
		0ADF9858C27BB1BB4FA268D9 /* CrashReporter.h */ = {isa = PBXFileReference; fileEncoding = 4; lastKnownFileType = sourcecode.c.h; name = CrashReporter.h; path = UnityBuild/Classes/CrashReporter.h; sourceTree = "<group>"; };
		0B7DDD377CEE0F081F1DE12E /* UnityAdsConfig.h */ = {isa = PBXFileReference; fileEncoding = 4; lastKnownFileType = sourcecode.c.h; name = UnityAdsConfig.h; path = UnityBuild/Classes/UnityAds/UnityAdsConfig.h; sourceTree = "<group>"; };
		0F2A7F82868323F5E1D99F75 /* ObjCRuntime.h */ = {isa = PBXFileReference; fileEncoding = 4; lastKnownFileType = sourcecode.c.h; name = ObjCRuntime.h; path = UnityBuild/Classes/Unity/ObjCRuntime.h; sourceTree = "<group>"; };
		0F63F82F51F22DDC15B1AFDA /* Quaternion4.h */ = {isa = PBXFileReference; fileEncoding = 4; lastKnownFileType = sourcecode.c.h; name = Quaternion4.h; path = UnityBuild/Classes/Quaternion4.h; sourceTree = "<group>"; };
		1411F13C5C3F1EE316790744 /* UnityViewControllerBaseTV.h */ = {isa = PBXFileReference; fileEncoding = 4; lastKnownFileType = sourcecode.c.h; name = UnityViewControllerBaseTV.h; path = UnityBuild/Classes/UI/UnityViewControllerBaseTV.h; sourceTree = "<group>"; };
		16A3CE38904C77905E030BA9 /* OrientationSupport.h */ = {isa = PBXFileReference; fileEncoding = 4; lastKnownFileType = sourcecode.c.h; name = OrientationSupport.h; path = UnityBuild/Classes/UI/OrientationSupport.h; sourceTree = "<group>"; };
		1B551AAF42AE0E6A719E2CDF /* UnityAppController+UnityInterface.mm */ = {isa = PBXFileReference; fileEncoding = 4; lastKnownFileType = sourcecode.cpp.objc; name = "UnityAppController+UnityInterface.mm"; path = "UnityBuild/Classes/UnityAppController+UnityInterface.mm"; sourceTree = "<group>"; };
		1D30AB110D05D00D00671497 /* Foundation.framework */ = {isa = PBXFileReference; lastKnownFileType = wrapper.framework; name = Foundation.framework; path = System/Library/Frameworks/Foundation.framework; sourceTree = SDKROOT; };
		1D6058910D05DD3D006BFB54 /* cozmo.app */ = {isa = PBXFileReference; explicitFileType = wrapper.application; includeInIndex = 0; path = cozmo.app; sourceTree = BUILT_PRODUCTS_DIR; };
		2167B9C45B33ACBC132A8820 /* CameraCapture.mm */ = {isa = PBXFileReference; fileEncoding = 4; lastKnownFileType = sourcecode.cpp.objc; name = CameraCapture.mm; path = UnityBuild/Classes/Unity/CameraCapture.mm; sourceTree = "<group>"; };
		22B540F24D35CDDA4795F67E /* OnDemandResources.mm */ = {isa = PBXFileReference; fileEncoding = 4; lastKnownFileType = sourcecode.cpp.objc; name = OnDemandResources.mm; path = UnityBuild/Classes/Unity/OnDemandResources.mm; sourceTree = "<group>"; };
		2385EC491F7DC38B000DC45E /* UserNotifications.framework */ = {isa = PBXFileReference; lastKnownFileType = wrapper.framework; name = UserNotifications.framework; path = System/Library/Frameworks/UserNotifications.framework; sourceTree = SDKROOT; };
		2B17DB8090B090FCA8D40B33 /* IUnityGraphicsMetal.h */ = {isa = PBXFileReference; fileEncoding = 4; lastKnownFileType = sourcecode.c.h; name = IUnityGraphicsMetal.h; path = UnityBuild/Classes/Unity/IUnityGraphicsMetal.h; sourceTree = "<group>"; };
		2B76A5B81E4E102800990EC0 /* WebKit.framework */ = {isa = PBXFileReference; lastKnownFileType = wrapper.framework; name = WebKit.framework; path = System/Library/Frameworks/WebKit.framework; sourceTree = SDKROOT; };
		2C45B2AF6726FF2E7C80FB13 /* VideoPlayerPlugin.mm */ = {isa = PBXFileReference; fileEncoding = 4; lastKnownFileType = sourcecode.cpp.objc; name = VideoPlayerPlugin.mm; path = UnityBuild/Libraries/Plugins/iOS/VideoPlayerPlugin.mm; sourceTree = "<group>"; };
		2ED3A23019D52321994584D4 /* UnityInterface.h */ = {isa = PBXFileReference; fileEncoding = 4; lastKnownFileType = sourcecode.c.h; name = UnityInterface.h; path = UnityBuild/Classes/Unity/UnityInterface.h; sourceTree = "<group>"; };
		34F59211E3191AE294A6B7CF /* SplashScreen.h */ = {isa = PBXFileReference; fileEncoding = 4; lastKnownFileType = sourcecode.c.h; name = SplashScreen.h; path = UnityBuild/Classes/UI/SplashScreen.h; sourceTree = "<group>"; };
		358078AA1B02753B9C7D542D /* UTNotificationsTools.h */ = {isa = PBXFileReference; fileEncoding = 4; lastKnownFileType = sourcecode.c.h; name = UTNotificationsTools.h; path = UnityBuild/Libraries/Plugins/iOS/UTNotificationsTools.h; sourceTree = "<group>"; };
		3A3FBE47363BF83270FD67BF /* CVTextureCache.mm */ = {isa = PBXFileReference; fileEncoding = 4; lastKnownFileType = sourcecode.cpp.objc; name = CVTextureCache.mm; path = UnityBuild/Classes/Unity/CVTextureCache.mm; sourceTree = "<group>"; };
		3AEA98CAE9876CED034B3932 /* UnityReplayKit.mm */ = {isa = PBXFileReference; fileEncoding = 4; lastKnownFileType = sourcecode.cpp.objc; name = UnityReplayKit.mm; path = UnityBuild/Classes/Unity/UnityReplayKit.mm; sourceTree = "<group>"; };
		3C08AD7227A21E355150ADE6 /* Images.xcassets */ = {isa = PBXFileReference; lastKnownFileType = folder.assetcatalog; name = Images.xcassets; path = "UnityBuild/Unity-iPhone/Images.xcassets"; sourceTree = "<group>"; };
		4362874A55BD2944BDEEDC57 /* GlesHelper.h */ = {isa = PBXFileReference; fileEncoding = 4; lastKnownFileType = sourcecode.c.h; name = GlesHelper.h; path = UnityBuild/Classes/Unity/GlesHelper.h; sourceTree = "<group>"; };
		4506769C2E1C900BDAEEAE47 /* WebView.mm */ = {isa = PBXFileReference; fileEncoding = 4; lastKnownFileType = sourcecode.cpp.objc; name = WebView.mm; path = UnityBuild/Libraries/Plugins/iOS/WebView.mm; sourceTree = "<group>"; };
		468C75E81A96C18D001011B7 /* libc++.dylib */ = {isa = PBXFileReference; lastKnownFileType = "compiled.mach-o.dylib"; name = "libc++.dylib"; path = "usr/lib/libc++.dylib"; sourceTree = SDKROOT; };
		46D2C2371B4F9D6B00FC7553 /* libcozmoEngine.a */ = {isa = PBXFileReference; lastKnownFileType = archive.ar; path = libcozmoEngine.a; sourceTree = BUILT_PRODUCTS_DIR; };
		46D2C2391B4F9D6B00FC7553 /* libctiCommon.a */ = {isa = PBXFileReference; lastKnownFileType = archive.ar; path = libctiCommon.a; sourceTree = BUILT_PRODUCTS_DIR; };
		46D2C23A1B4F9D6B00FC7553 /* libctiMessaging.a */ = {isa = PBXFileReference; lastKnownFileType = archive.ar; path = libctiMessaging.a; sourceTree = BUILT_PRODUCTS_DIR; };
		46D2C23B1B4F9D6B00FC7553 /* libctiPlanning.a */ = {isa = PBXFileReference; lastKnownFileType = archive.ar; path = libctiPlanning.a; sourceTree = BUILT_PRODUCTS_DIR; };
		46D2C23C1B4F9D6B00FC7553 /* libctiVision.a */ = {isa = PBXFileReference; lastKnownFileType = archive.ar; path = libctiVision.a; sourceTree = BUILT_PRODUCTS_DIR; };
		46D2C23D1B4F9D6B00FC7553 /* libjsoncpp.a */ = {isa = PBXFileReference; lastKnownFileType = archive.ar; path = libjsoncpp.a; sourceTree = BUILT_PRODUCTS_DIR; };
		46D2C23E1B4F9D6B00FC7553 /* libkazmath.a */ = {isa = PBXFileReference; lastKnownFileType = archive.ar; path = libkazmath.a; sourceTree = BUILT_PRODUCTS_DIR; };
		46D2C23F1B4F9D6B00FC7553 /* libutil.a */ = {isa = PBXFileReference; lastKnownFileType = archive.ar; path = libutil.a; sourceTree = BUILT_PRODUCTS_DIR; };
		46D2C2EE1B4FA4E900FC7553 /* libCSharpBinding.a */ = {isa = PBXFileReference; lastKnownFileType = archive.ar; path = libCSharpBinding.a; sourceTree = BUILT_PRODUCTS_DIR; };
		46D2C2F81B4FA6AC00FC7553 /* libctiCommonRobot.a */ = {isa = PBXFileReference; lastKnownFileType = archive.ar; path = libctiCommonRobot.a; sourceTree = BUILT_PRODUCTS_DIR; };
		46D2C2FD1B4FAA0800FC7553 /* libctiVisionRobot.a */ = {isa = PBXFileReference; lastKnownFileType = archive.ar; path = libctiVisionRobot.a; sourceTree = BUILT_PRODUCTS_DIR; };
		480295F402FF93083FED53F2 /* CMVideoSampling.mm */ = {isa = PBXFileReference; fileEncoding = 4; lastKnownFileType = sourcecode.cpp.objc; name = CMVideoSampling.mm; path = UnityBuild/Classes/Unity/CMVideoSampling.mm; sourceTree = "<group>"; };
		49109E021B8BA48D00827BBF /* libfsdk-static.a */ = {isa = PBXFileReference; lastKnownFileType = archive.ar; name = "libfsdk-static.a"; path = "../../../coretech-external/Luxand_FaceSDK/bin/iOS/libfsdk-static.a"; sourceTree = "<group>"; };
		491A6D971B5F1D64003E91FB /* Security.framework */ = {isa = PBXFileReference; lastKnownFileType = wrapper.framework; name = Security.framework; path = System/Library/Frameworks/Security.framework; sourceTree = SDKROOT; };
		495653B71C7BCFD10054EB7F /* opencv2.framework */ = {isa = PBXFileReference; lastKnownFileType = wrapper.framework; name = opencv2.framework; path = "../../../coretech-external/build/opencv-ios/opencv2.framework"; sourceTree = "<group>"; };
		495653CB1C7FEE3F0054EB7F /* opencv2.framework */ = {isa = PBXFileReference; lastKnownFileType = wrapper.framework; name = opencv2.framework; path = "../../../coretech-external/build_opencv3/opencv-ios/opencv2.framework"; sourceTree = "<group>"; };
		498AE69526A42134628B874A /* MetalHelper.mm */ = {isa = PBXFileReference; fileEncoding = 4; lastKnownFileType = sourcecode.cpp.objc; name = MetalHelper.mm; path = UnityBuild/Classes/Unity/MetalHelper.mm; sourceTree = "<group>"; };
		4B04686DDA2F5D36359E38B7 /* UnityViewControllerListener.h */ = {isa = PBXFileReference; fileEncoding = 4; lastKnownFileType = sourcecode.c.h; name = UnityViewControllerListener.h; path = UnityBuild/Classes/PluginBase/UnityViewControllerListener.h; sourceTree = "<group>"; };
		4B13FA985EBC3CFC2FA24B34 /* UnityAppController.h */ = {isa = PBXFileReference; fileEncoding = 4; lastKnownFileType = sourcecode.c.h; name = UnityAppController.h; path = UnityBuild/Classes/UnityAppController.h; sourceTree = "<group>"; };
		4B61955EFC33F67ED27FAA85 /* UnityAppController.mm */ = {isa = PBXFileReference; fileEncoding = 4; lastKnownFileType = sourcecode.cpp.objc; name = UnityAppController.mm; path = UnityBuild/Classes/UnityAppController.mm; sourceTree = "<group>"; };
		4C218432EC4CF649E54E45E5 /* InternalProfiler.h */ = {isa = PBXFileReference; fileEncoding = 4; lastKnownFileType = sourcecode.c.h; name = InternalProfiler.h; path = UnityBuild/Classes/Unity/InternalProfiler.h; sourceTree = "<group>"; };
		4DEB9F0D032BF61C7A6E2609 /* UnityAppController+Rendering.mm */ = {isa = PBXFileReference; fileEncoding = 4; lastKnownFileType = sourcecode.cpp.objc; name = "UnityAppController+Rendering.mm"; path = "UnityBuild/Classes/UnityAppController+Rendering.mm"; sourceTree = "<group>"; };
		4E3C5ED01C055A8B008399F7 /* libCozmoFxPlugIn.a */ = {isa = PBXFileReference; lastKnownFileType = archive.ar; name = libCozmoFxPlugIn.a; path = "../../lib/audio/plugins/cozmo/gyp/build/Debug-iphoneos/libCozmoFxPlugIn.a"; sourceTree = "<group>"; };
		50C487894F530BC620776E29 /* UnityViewControllerListener.mm */ = {isa = PBXFileReference; fileEncoding = 4; lastKnownFileType = sourcecode.cpp.objc; name = UnityViewControllerListener.mm; path = UnityBuild/Classes/PluginBase/UnityViewControllerListener.mm; sourceTree = "<group>"; };
		54BF5D7D4068BA8F8EEC6287 /* DeviceSettings.mm */ = {isa = PBXFileReference; fileEncoding = 4; lastKnownFileType = sourcecode.cpp.objc; name = DeviceSettings.mm; path = UnityBuild/Classes/Unity/DeviceSettings.mm; sourceTree = "<group>"; };
		55C705DC5D8AEB26BFB377AF /* LifeCycleListener.h */ = {isa = PBXFileReference; fileEncoding = 4; lastKnownFileType = sourcecode.c.h; name = LifeCycleListener.h; path = UnityBuild/Classes/PluginBase/LifeCycleListener.h; sourceTree = "<group>"; };
		5666C7C15DC70EB192946859 /* AppDelegateListener.h */ = {isa = PBXFileReference; fileEncoding = 4; lastKnownFileType = sourcecode.c.h; name = AppDelegateListener.h; path = UnityBuild/Classes/PluginBase/AppDelegateListener.h; sourceTree = "<group>"; };
		5682F4B10F3B34FF007A219C /* MediaPlayer.framework */ = {isa = PBXFileReference; lastKnownFileType = wrapper.framework; name = MediaPlayer.framework; path = System/Library/Frameworks/MediaPlayer.framework; sourceTree = SDKROOT; };
		5692F3DC0FA9D8E500EBA2F1 /* CoreLocation.framework */ = {isa = PBXFileReference; lastKnownFileType = wrapper.framework; name = CoreLocation.framework; path = System/Library/Frameworks/CoreLocation.framework; sourceTree = SDKROOT; };
		56B7959A1442E0F20026B3DD /* CoreGraphics.framework */ = {isa = PBXFileReference; lastKnownFileType = wrapper.framework; name = CoreGraphics.framework; path = System/Library/Frameworks/CoreGraphics.framework; sourceTree = SDKROOT; };
		56B795C11442E1100026B3DD /* CoreMotion.framework */ = {isa = PBXFileReference; lastKnownFileType = wrapper.framework; name = CoreMotion.framework; path = System/Library/Frameworks/CoreMotion.framework; sourceTree = SDKROOT; };
		56B796191442E1B80026B3DD /* GameKit.framework */ = {isa = PBXFileReference; lastKnownFileType = wrapper.framework; name = GameKit.framework; path = System/Library/Frameworks/GameKit.framework; sourceTree = SDKROOT; };
		56BCBA380FCF049A0030C3B2 /* SystemConfiguration.framework */ = {isa = PBXFileReference; lastKnownFileType = wrapper.framework; name = SystemConfiguration.framework; path = System/Library/Frameworks/SystemConfiguration.framework; sourceTree = SDKROOT; };
		56FD43950ED4745200FE3770 /* CFNetwork.framework */ = {isa = PBXFileReference; lastKnownFileType = wrapper.framework; name = CFNetwork.framework; path = System/Library/Frameworks/CFNetwork.framework; sourceTree = SDKROOT; };
		57B55EC3DAD9586C8674C1B4 /* AppDelegateListener.mm */ = {isa = PBXFileReference; fileEncoding = 4; lastKnownFileType = sourcecode.cpp.objc; name = AppDelegateListener.mm; path = UnityBuild/Classes/PluginBase/AppDelegateListener.mm; sourceTree = "<group>"; };
		585A62B76424ABC68F839B79 /* UnityViewControllerBaseiOS.mm */ = {isa = PBXFileReference; fileEncoding = 4; lastKnownFileType = sourcecode.cpp.objc; name = UnityViewControllerBaseiOS.mm; path = UnityBuild/Classes/UI/UnityViewControllerBaseiOS.mm; sourceTree = "<group>"; };
		6037C81DF5603D213C8B2533 /* cozmoAppController.mm */ = {isa = PBXFileReference; fileEncoding = 4; lastKnownFileType = sourcecode.cpp.objc; name = cozmoAppController.mm; path = UnityBuild/Libraries/Plugins/iOS/cozmoAppController.mm; sourceTree = "<group>"; };
		657037EBA4B2A40C8B51CEC0 /* GlesHelper.mm */ = {isa = PBXFileReference; fileEncoding = 4; lastKnownFileType = sourcecode.cpp.objc; name = GlesHelper.mm; path = UnityBuild/Classes/Unity/GlesHelper.mm; sourceTree = "<group>"; };
		66D75C4832F5ED6E030216F1 /* iPhone_Sensors.mm */ = {isa = PBXFileReference; fileEncoding = 4; lastKnownFileType = sourcecode.cpp.objc; name = iPhone_Sensors.mm; path = UnityBuild/Classes/iPhone_Sensors.mm; sourceTree = "<group>"; };
		6888B94A600A00596C9AABBD /* Preprocessor.h */ = {isa = PBXFileReference; fileEncoding = 4; lastKnownFileType = sourcecode.c.h; name = Preprocessor.h; path = UnityBuild/Classes/Preprocessor.h; sourceTree = "<group>"; };
		6973C228EA527277D69A845C /* CrashReporter.mm */ = {isa = PBXFileReference; fileEncoding = 4; lastKnownFileType = sourcecode.cpp.objc; name = CrashReporter.mm; path = UnityBuild/Classes/CrashReporter.mm; sourceTree = "<group>"; };
		6B7BDDAF2EDF505368474983 /* UnityRendering.h */ = {isa = PBXFileReference; fileEncoding = 4; lastKnownFileType = sourcecode.c.h; name = UnityRendering.h; path = UnityBuild/Classes/Unity/UnityRendering.h; sourceTree = "<group>"; };
		6C07DD59FF4D152E66BFC7F9 /* UTNotificationsTools.mm */ = {isa = PBXFileReference; fileEncoding = 4; lastKnownFileType = sourcecode.cpp.objc; name = UTNotificationsTools.mm; path = UnityBuild/Libraries/Plugins/iOS/UTNotificationsTools.mm; sourceTree = "<group>"; };
		6F5432271C891C70006D3724 /* HockeySDK.framework */ = {isa = PBXFileReference; lastKnownFileType = wrapper.framework; name = HockeySDK.framework; path = "../../lib/HockeySDK-iOS/HockeySDK.embeddedframework/HockeySDK.framework"; sourceTree = SOURCE_ROOT; };
		6F5432361C89288F006D3724 /* AssetsLibrary.framework */ = {isa = PBXFileReference; lastKnownFileType = wrapper.framework; name = AssetsLibrary.framework; path = System/Library/Frameworks/AssetsLibrary.framework; sourceTree = SDKROOT; };
		6F5432381C8928AF006D3724 /* MobileCoreServices.framework */ = {isa = PBXFileReference; lastKnownFileType = wrapper.framework; name = MobileCoreServices.framework; path = System/Library/Frameworks/MobileCoreServices.framework; sourceTree = SDKROOT; };
		6F54323A1C8928C4006D3724 /* QuickLook.framework */ = {isa = PBXFileReference; lastKnownFileType = wrapper.framework; name = QuickLook.framework; path = System/Library/Frameworks/QuickLook.framework; sourceTree = SDKROOT; };
		6F8A8C8C1E95B2400020E1BA /* MediaToolbox.framework */ = {isa = PBXFileReference; lastKnownFileType = wrapper.framework; name = MediaToolbox.framework; path = System/Library/Frameworks/MediaToolbox.framework; sourceTree = SDKROOT; };
		70F9A413DE33B396BAF2C57A /* DisplayManager.h */ = {isa = PBXFileReference; fileEncoding = 4; lastKnownFileType = sourcecode.c.h; name = DisplayManager.h; path = UnityBuild/Classes/Unity/DisplayManager.h; sourceTree = "<group>"; };
		7DFBA0F8CB1070730F39FE86 /* EAGLContextHelper.mm */ = {isa = PBXFileReference; fileEncoding = 4; lastKnownFileType = sourcecode.cpp.objc; name = EAGLContextHelper.mm; path = UnityBuild/Classes/Unity/EAGLContextHelper.mm; sourceTree = "<group>"; };
		7E0A6A38E5B5664A84454B0B /* LaunchScreen-iPhone.xib */ = {isa = PBXFileReference; fileEncoding = 4; lastKnownFileType = file.xib; name = "LaunchScreen-iPhone.xib"; path = "UnityBuild/LaunchScreen-iPhone.xib"; sourceTree = "<group>"; };
		7F36C10E13C5C673007FBDD9 /* CoreMedia.framework */ = {isa = PBXFileReference; lastKnownFileType = wrapper.framework; name = CoreMedia.framework; path = System/Library/Frameworks/CoreMedia.framework; sourceTree = SDKROOT; };
		7F36C10F13C5C673007FBDD9 /* CoreVideo.framework */ = {isa = PBXFileReference; lastKnownFileType = wrapper.framework; name = CoreVideo.framework; path = System/Library/Frameworks/CoreVideo.framework; sourceTree = SDKROOT; };
		7F36C11013C5C673007FBDD9 /* AVFoundation.framework */ = {isa = PBXFileReference; lastKnownFileType = wrapper.framework; name = AVFoundation.framework; path = System/Library/Frameworks/AVFoundation.framework; sourceTree = SDKROOT; };
		81F27C56A6EC267EF47D648C /* Filesystem.mm */ = {isa = PBXFileReference; fileEncoding = 4; lastKnownFileType = sourcecode.cpp.objc; name = Filesystem.mm; path = UnityBuild/Classes/Unity/Filesystem.mm; sourceTree = "<group>"; };
		830B5C100E5ED4C100C7819F /* UIKit.framework */ = {isa = PBXFileReference; lastKnownFileType = wrapper.framework; name = UIKit.framework; path = System/Library/Frameworks/UIKit.framework; sourceTree = SDKROOT; };
		8358D1B70ED1CC3700E3A684 /* AudioToolbox.framework */ = {isa = PBXFileReference; lastKnownFileType = wrapper.framework; name = AudioToolbox.framework; path = System/Library/Frameworks/AudioToolbox.framework; sourceTree = SDKROOT; };
		83B256E10E62FEA000468741 /* OpenGLES.framework */ = {isa = PBXFileReference; lastKnownFileType = wrapper.framework; name = OpenGLES.framework; path = System/Library/Frameworks/OpenGLES.framework; sourceTree = SDKROOT; };
		83B2570A0E62FF8A00468741 /* QuartzCore.framework */ = {isa = PBXFileReference; lastKnownFileType = wrapper.framework; name = QuartzCore.framework; path = System/Library/Frameworks/QuartzCore.framework; sourceTree = SDKROOT; };
		83B2574B0E63022200468741 /* OpenAL.framework */ = {isa = PBXFileReference; lastKnownFileType = wrapper.framework; name = OpenAL.framework; path = System/Library/Frameworks/OpenAL.framework; sourceTree = SDKROOT; };
		83B2574E0E63025400468741 /* libiconv.2.dylib */ = {isa = PBXFileReference; lastKnownFileType = "compiled.mach-o.dylib"; name = libiconv.2.dylib; path = usr/lib/libiconv.2.dylib; sourceTree = SDKROOT; };
		85065E841BF1904400DBAF35 /* libAudioEngine.a */ = {isa = PBXFileReference; lastKnownFileType = archive.ar; name = libAudioEngine.a; path = "../../lib/audio/gyp/build/Debug-iphoneos/libAudioEngine.a"; sourceTree = "<group>"; };
		852C0B6C1C6965730003DCFD /* DASConfig.json */ = {isa = PBXFileReference; fileEncoding = 4; lastKnownFileType = text.json; path = DASConfig.json; sourceTree = "<group>"; };
		85C99FC71E3AF0FA00EA82E0 /* libaudioUtil.a */ = {isa = PBXFileReference; lastKnownFileType = archive.ar; name = libaudioUtil.a; path = "../../lib/util/project/gyp/build/Debug-iphoneos/libaudioUtil.a"; sourceTree = "<group>"; };
		85D6352E1CC9A92700A5FB8A /* libBLECozmo.a */ = {isa = PBXFileReference; lastKnownFileType = archive.ar; name = libBLECozmo.a; path = "../../lib/BLECozmo/project/gyp/build/Debug-iphoneos/libBLECozmo.a"; sourceTree = "<group>"; };
		85DD01451CD2A17300F2EAD5 /* CoreBluetooth.framework */ = {isa = PBXFileReference; lastKnownFileType = wrapper.framework; name = CoreBluetooth.framework; path = System/Library/Frameworks/CoreBluetooth.framework; sourceTree = SDKROOT; };
		85DEB8FE1C652A3C00202214 /* libDAS.a */ = {isa = PBXFileReference; lastKnownFileType = archive.ar; name = libDAS.a; path = "../../tools/das-client/gyp/build/Debug-iphoneos/libDAS.a"; sourceTree = "<group>"; };
		85DF60081CA337F5002F99DA /* CozmoWifiConfigTemplate.mobileconfig */ = {isa = PBXFileReference; fileEncoding = 4; lastKnownFileType = text.xml; path = CozmoWifiConfigTemplate.mobileconfig; sourceTree = "<group>"; };
		872D8FE853E21136529C3BDB /* WWWConnection.mm */ = {isa = PBXFileReference; fileEncoding = 4; lastKnownFileType = sourcecode.cpp.objc; name = WWWConnection.mm; path = UnityBuild/Classes/Unity/WWWConnection.mm; sourceTree = "<group>"; };
		8B3A03F713EA1F91C1572307 /* Il2CppOptions.cpp */ = {isa = PBXFileReference; fileEncoding = 4; lastKnownFileType = sourcecode.cpp.cpp; name = Il2CppOptions.cpp; path = UnityBuild/Libraries/Il2CppOptions.cpp; sourceTree = "<group>"; };
		8B8E4BD5AA44C59E2B71FC05 /* EAGLContextHelper.h */ = {isa = PBXFileReference; fileEncoding = 4; lastKnownFileType = sourcecode.c.h; name = EAGLContextHelper.h; path = UnityBuild/Classes/Unity/EAGLContextHelper.h; sourceTree = "<group>"; };
		8D1107310486CEB800E47090 /* Info.plist */ = {isa = PBXFileReference; fileEncoding = 4; lastKnownFileType = text.plist.xml; path = Info.plist; sourceTree = "<group>"; };
		8EC83E37FEBBFB2EDD172497 /* UnityTrampolineCompatibility.h */ = {isa = PBXFileReference; fileEncoding = 4; lastKnownFileType = sourcecode.c.h; name = UnityTrampolineCompatibility.h; path = UnityBuild/Classes/Unity/UnityTrampolineCompatibility.h; sourceTree = "<group>"; };
		9B1736CCB3C0D2DBFF7E5DC8 /* UnityMetalSupport.h */ = {isa = PBXFileReference; fileEncoding = 4; lastKnownFileType = sourcecode.c.h; name = UnityMetalSupport.h; path = UnityBuild/Classes/Unity/UnityMetalSupport.h; sourceTree = "<group>"; };
		B0AA470945E833D356ED0422 /* UnityAppController+ViewHandling.h */ = {isa = PBXFileReference; fileEncoding = 4; lastKnownFileType = sourcecode.c.h; name = "UnityAppController+ViewHandling.h"; path = "UnityBuild/Classes/UI/UnityAppController+ViewHandling.h"; sourceTree = "<group>"; };
		B24F496D632FBA09D6601AA8 /* iPhone_Sensors.h */ = {isa = PBXFileReference; fileEncoding = 4; lastKnownFileType = sourcecode.c.h; name = iPhone_Sensors.h; path = UnityBuild/Classes/iPhone_Sensors.h; sourceTree = "<group>"; };
		B46CDF30ADF143FC3166CA62 /* RegisterMonoModules.h */ = {isa = PBXFileReference; fileEncoding = 4; lastKnownFileType = sourcecode.c.h; name = RegisterMonoModules.h; path = UnityBuild/Libraries/RegisterMonoModules.h; sourceTree = "<group>"; };
		B676DEF4753207601737D2C0 /* LifeCycleListener.mm */ = {isa = PBXFileReference; fileEncoding = 4; lastKnownFileType = sourcecode.cpp.objc; name = LifeCycleListener.mm; path = UnityBuild/Classes/PluginBase/LifeCycleListener.mm; sourceTree = "<group>"; };
		B703AB2167E4D819B2F4A410 /* CustomVideoPlayer.h */ = {isa = PBXFileReference; fileEncoding = 4; lastKnownFileType = sourcecode.c.h; name = CustomVideoPlayer.h; path = UnityBuild/Libraries/Plugins/iOS/CustomVideoPlayer.h; sourceTree = "<group>"; };
		B706760157BF61C7E1D856A1 /* ActivityIndicator.mm */ = {isa = PBXFileReference; fileEncoding = 4; lastKnownFileType = sourcecode.cpp.objc; name = ActivityIndicator.mm; path = UnityBuild/Classes/UI/ActivityIndicator.mm; sourceTree = "<group>"; };
		B9774ABD9C22A7918C80D42F /* WWWConnection.h */ = {isa = PBXFileReference; fileEncoding = 4; lastKnownFileType = sourcecode.c.h; name = WWWConnection.h; path = UnityBuild/Classes/Unity/WWWConnection.h; sourceTree = "<group>"; };
		C413CECCC25579DB5CF75DDD /* OrientationSupport.mm */ = {isa = PBXFileReference; fileEncoding = 4; lastKnownFileType = sourcecode.cpp.objc; name = OrientationSupport.mm; path = UnityBuild/Classes/UI/OrientationSupport.mm; sourceTree = "<group>"; };
		C4DB973C3A0A9E635F198270 /* UnityForwardDecls.h */ = {isa = PBXFileReference; fileEncoding = 4; lastKnownFileType = sourcecode.c.h; name = UnityForwardDecls.h; path = UnityBuild/Classes/Unity/UnityForwardDecls.h; sourceTree = "<group>"; };
		C533A279880DB6A84750979F /* UnityViewControllerBaseiOS.h */ = {isa = PBXFileReference; fileEncoding = 4; lastKnownFileType = sourcecode.c.h; name = UnityViewControllerBaseiOS.h; path = UnityBuild/Classes/UI/UnityViewControllerBaseiOS.h; sourceTree = "<group>"; };
		C5A66AFCF70A4FAC3F5D6067 /* DisplayManager.mm */ = {isa = PBXFileReference; fileEncoding = 4; lastKnownFileType = sourcecode.cpp.objc; name = DisplayManager.mm; path = UnityBuild/Classes/Unity/DisplayManager.mm; sourceTree = "<group>"; };
		C60568B36213E0CCF4C27A55 /* LaunchScreen-iPhoneLandscape.png */ = {isa = PBXFileReference; lastKnownFileType = image.png; name = "LaunchScreen-iPhoneLandscape.png"; path = "UnityBuild/LaunchScreen-iPhoneLandscape.png"; sourceTree = "<group>"; };
		C632B7F967E9AFBDF3E2708B /* RegisterFeatures.h */ = {isa = PBXFileReference; fileEncoding = 4; lastKnownFileType = sourcecode.c.h; name = RegisterFeatures.h; path = UnityBuild/Libraries/RegisterFeatures.h; sourceTree = "<group>"; };
		C813C9E519945602B91BE4B2 /* CameraCapture.h */ = {isa = PBXFileReference; fileEncoding = 4; lastKnownFileType = sourcecode.c.h; name = CameraCapture.h; path = UnityBuild/Classes/Unity/CameraCapture.h; sourceTree = "<group>"; };
		CD2E52B7B6FE39E84DD463FD /* UnityView.mm */ = {isa = PBXFileReference; fileEncoding = 4; lastKnownFileType = sourcecode.cpp.objc; name = UnityView.mm; path = UnityBuild/Classes/UI/UnityView.mm; sourceTree = "<group>"; };
		CDA9CE31FBE0C996FF9AB79A /* RenderPluginDelegate.h */ = {isa = PBXFileReference; fileEncoding = 4; lastKnownFileType = sourcecode.c.h; name = RenderPluginDelegate.h; path = UnityBuild/Classes/PluginBase/RenderPluginDelegate.h; sourceTree = "<group>"; };
		D110889480A7DA64A3F1CF7E /* Keyboard.h */ = {isa = PBXFileReference; fileEncoding = 4; lastKnownFileType = sourcecode.c.h; name = Keyboard.h; path = UnityBuild/Classes/UI/Keyboard.h; sourceTree = "<group>"; };
		D313AC8709C8F72CE4AA0751 /* AVCapture.h */ = {isa = PBXFileReference; fileEncoding = 4; lastKnownFileType = sourcecode.c.h; name = AVCapture.h; path = UnityBuild/Classes/Unity/AVCapture.h; sourceTree = "<group>"; };
		D553E3C3AE3E9F95BAEFE9A7 /* LaunchScreen-iPhonePortrait.png */ = {isa = PBXFileReference; lastKnownFileType = image.png; name = "LaunchScreen-iPhonePortrait.png"; path = "UnityBuild/LaunchScreen-iPhonePortrait.png"; sourceTree = "<group>"; };
		D76119896990C817E42B1E38 /* PLCrashReporter.h */ = {isa = PBXFileReference; fileEncoding = 4; lastKnownFileType = sourcecode.c.h; name = PLCrashReporter.h; path = UnityBuild/Classes/PLCrashReporter.h; sourceTree = "<group>"; };
		DA379A57EB615B22B0880E66 /* libiPhone-lib.a */ = {isa = PBXFileReference; lastKnownFileType = archive.ar; name = "libiPhone-lib.a"; path = "UnityBuild/Libraries/libiPhone-lib.a"; sourceTree = "<group>"; };
		DA4CFCA21E3954CB00D56793 /* Settings.bundle */ = {isa = PBXFileReference; lastKnownFileType = "wrapper.plug-in"; path = Settings.bundle; sourceTree = "<group>"; };
		DC814581D953FDA1AB4D78E8 /* ObjCRuntime.mm */ = {isa = PBXFileReference; fileEncoding = 4; lastKnownFileType = sourcecode.cpp.objc; name = ObjCRuntime.mm; path = UnityBuild/Classes/Unity/ObjCRuntime.mm; sourceTree = "<group>"; };
		DE853B150001873BCA2B52A4 /* UnityAdsUnityWrapper.mm */ = {isa = PBXFileReference; fileEncoding = 4; lastKnownFileType = sourcecode.cpp.objc; name = UnityAdsUnityWrapper.mm; path = UnityBuild/Classes/UnityAds/UnityAdsUnityWrapper.mm; sourceTree = "<group>"; };
		E01678637E413DC8C038A613 /* UnityAppController+ViewHandling.mm */ = {isa = PBXFileReference; fileEncoding = 4; lastKnownFileType = sourcecode.cpp.objc; name = "UnityAppController+ViewHandling.mm"; path = "UnityBuild/Classes/UI/UnityAppController+ViewHandling.mm"; sourceTree = "<group>"; };
		E0B19BBE8C4604940C707625 /* UnityReplayKit_Scripting.mm */ = {isa = PBXFileReference; fileEncoding = 4; lastKnownFileType = sourcecode.cpp.objc; name = UnityReplayKit_Scripting.mm; path = UnityBuild/Classes/Unity/UnityReplayKit_Scripting.mm; sourceTree = "<group>"; };
		E2DAAF7D57FCEC6F77219781 /* UnityView.h */ = {isa = PBXFileReference; fileEncoding = 4; lastKnownFileType = sourcecode.c.h; name = UnityView.h; path = UnityBuild/Classes/UI/UnityView.h; sourceTree = "<group>"; };
		E372EEEBA2FE97E906B1FFD5 /* UnityReplayKit.h */ = {isa = PBXFileReference; fileEncoding = 4; lastKnownFileType = sourcecode.c.h; name = UnityReplayKit.h; path = UnityBuild/Classes/Unity/UnityReplayKit.h; sourceTree = "<group>"; };
		E42E274EA44A59C0030BBA5C /* InternalProfiler.cpp */ = {isa = PBXFileReference; fileEncoding = 4; lastKnownFileType = sourcecode.cpp.cpp; name = InternalProfiler.cpp; path = UnityBuild/Classes/Unity/InternalProfiler.cpp; sourceTree = "<group>"; };
		E66BAFC65644B7D9C12932F8 /* ActivityIndicator.h */ = {isa = PBXFileReference; fileEncoding = 4; lastKnownFileType = sourcecode.c.h; name = ActivityIndicator.h; path = UnityBuild/Classes/UI/ActivityIndicator.h; sourceTree = "<group>"; };
		E88AB6447D8653D8C585BFC9 /* AVCapture.mm */ = {isa = PBXFileReference; fileEncoding = 4; lastKnownFileType = sourcecode.cpp.objc; name = AVCapture.mm; path = UnityBuild/Classes/Unity/AVCapture.mm; sourceTree = "<group>"; };
		EB52651E2359DD957762D896 /* SplashScreen.mm */ = {isa = PBXFileReference; fileEncoding = 4; lastKnownFileType = sourcecode.cpp.objc; name = SplashScreen.mm; path = UnityBuild/Classes/UI/SplashScreen.mm; sourceTree = "<group>"; };
		EC5AD5EE276544CE791A100D /* RenderPluginDelegate.mm */ = {isa = PBXFileReference; fileEncoding = 4; lastKnownFileType = sourcecode.cpp.objc; name = RenderPluginDelegate.mm; path = UnityBuild/Classes/PluginBase/RenderPluginDelegate.mm; sourceTree = "<group>"; };
		EFE013F157C0B1C713460F49 /* Prefix.pch */ = {isa = PBXFileReference; fileEncoding = 4; lastKnownFileType = sourcecode.c.h; name = Prefix.pch; path = UnityBuild/Classes/Prefix.pch; sourceTree = "<group>"; };
		F0A4E509436FBFB63F42A329 /* VideoPlayer.mm */ = {isa = PBXFileReference; fileEncoding = 4; lastKnownFileType = sourcecode.cpp.objc; name = VideoPlayer.mm; path = UnityBuild/Classes/Unity/VideoPlayer.mm; sourceTree = "<group>"; };
		F380AA58FF9ED04651070A08 /* main.mm */ = {isa = PBXFileReference; fileEncoding = 4; lastKnownFileType = sourcecode.cpp.objc; name = main.mm; path = UnityBuild/Classes/main.mm; sourceTree = "<group>"; };
		F3E61363A4DBDE2EFC124787 /* VideoPlayer.h */ = {isa = PBXFileReference; fileEncoding = 4; lastKnownFileType = sourcecode.c.h; name = VideoPlayer.h; path = UnityBuild/Classes/Unity/VideoPlayer.h; sourceTree = "<group>"; };
		F5115C8987E6365C0D647749 /* IUnityGraphics.h */ = {isa = PBXFileReference; fileEncoding = 4; lastKnownFileType = sourcecode.c.h; name = IUnityGraphics.h; path = UnityBuild/Classes/Unity/IUnityGraphics.h; sourceTree = "<group>"; };
		F5BC2F8353B95DFD13FEB1D9 /* RegisterFeatures.cpp */ = {isa = PBXFileReference; fileEncoding = 4; lastKnownFileType = sourcecode.cpp.cpp; name = RegisterFeatures.cpp; path = UnityBuild/Libraries/RegisterFeatures.cpp; sourceTree = "<group>"; };
		F8BD0CDF1B5EAF0400F71EA3 /* ios.xcconfig */ = {isa = PBXFileReference; fileEncoding = 4; lastKnownFileType = text.xcconfig; name = ios.xcconfig; path = generated/ios.xcconfig; sourceTree = "<group>"; };
		F8BD0CF91B5EB38D00F71EA3 /* CoreText.framework */ = {isa = PBXFileReference; lastKnownFileType = wrapper.framework; name = CoreText.framework; path = System/Library/Frameworks/CoreText.framework; sourceTree = SDKROOT; };
		FB72DA205B266276C0DD22B8 /* UnityViewControllerBase.h */ = {isa = PBXFileReference; fileEncoding = 4; lastKnownFileType = sourcecode.c.h; name = UnityViewControllerBase.h; path = UnityBuild/Classes/UI/UnityViewControllerBase.h; sourceTree = "<group>"; };
		FB802E4CEE1800D9A5E5410A /* CVTextureCache.h */ = {isa = PBXFileReference; fileEncoding = 4; lastKnownFileType = sourcecode.c.h; name = CVTextureCache.h; path = UnityBuild/Classes/Unity/CVTextureCache.h; sourceTree = "<group>"; };
		FC32F87B2766EDD670489C19 /* UnityTrampolineConfigure.h */ = {isa = PBXFileReference; fileEncoding = 4; lastKnownFileType = sourcecode.c.h; name = UnityTrampolineConfigure.h; path = UnityBuild/Classes/UnityTrampolineConfigure.h; sourceTree = "<group>"; };
		FE19262FE604627F75DD2149 /* FullScreenVideoPlayer.mm */ = {isa = PBXFileReference; fileEncoding = 4; lastKnownFileType = sourcecode.cpp.objc; name = FullScreenVideoPlayer.mm; path = UnityBuild/Classes/Unity/FullScreenVideoPlayer.mm; sourceTree = "<group>"; };
		FEFB6A0B6AB803AC7EF88434 /* CMVideoSampling.h */ = {isa = PBXFileReference; fileEncoding = 4; lastKnownFileType = sourcecode.c.h; name = CMVideoSampling.h; path = UnityBuild/Classes/Unity/CMVideoSampling.h; sourceTree = "<group>"; };
		FFC5DDA932B80A2BE9AE1296 /* UnityAppController+Rendering.h */ = {isa = PBXFileReference; fileEncoding = 4; lastKnownFileType = sourcecode.c.h; name = "UnityAppController+Rendering.h"; path = "UnityBuild/Classes/UnityAppController+Rendering.h"; sourceTree = "<group>"; };
/* End PBXFileReference section */

/* Begin PBXFrameworksBuildPhase section */
		1D60588F0D05DD3D006BFB54 /* Frameworks */ = {
			isa = PBXFrameworksBuildPhase;
			buildActionMask = 2147483647;
			files = (
				2385EC4A1F7DC38B000DC45E /* UserNotifications.framework in Frameworks */,
				6F8A8C8D1E95B2400020E1BA /* MediaToolbox.framework in Frameworks */,
				2B76A5B91E4E102800990EC0 /* WebKit.framework in Frameworks */,
				85C99FC81E3AF0FA00EA82E0 /* libaudioUtil.a in Frameworks */,
				85DD01461CD2A17300F2EAD5 /* CoreBluetooth.framework in Frameworks */,
				6F54323B1C8928C4006D3724 /* QuickLook.framework in Frameworks */,
				6F5432391C8928AF006D3724 /* MobileCoreServices.framework in Frameworks */,
				6F5432371C89288F006D3724 /* AssetsLibrary.framework in Frameworks */,
				85DEB8FF1C652A3C00202214 /* libDAS.a in Frameworks */,
				85065E851BF1904400DBAF35 /* libAudioEngine.a in Frameworks */,
				83B2574C0E63022200468741 /* OpenAL.framework in Frameworks */,
				491A6D981B5F1D64003E91FB /* Security.framework in Frameworks */,
				F8BD0CFA1B5EB38D00F71EA3 /* CoreText.framework in Frameworks */,
				46D2C2FE1B4FAA0800FC7553 /* libctiVisionRobot.a in Frameworks */,
				46D2C2F91B4FA6AC00FC7553 /* libctiCommonRobot.a in Frameworks */,
				46D2C2401B4F9D6B00FC7553 /* libcozmoEngine.a in Frameworks */,
				46D2C2421B4F9D6B00FC7553 /* libctiCommon.a in Frameworks */,
				46D2C2431B4F9D6B00FC7553 /* libctiMessaging.a in Frameworks */,
				46D2C2441B4F9D6B00FC7553 /* libctiPlanning.a in Frameworks */,
				46D2C2451B4F9D6B00FC7553 /* libctiVision.a in Frameworks */,
				46D2C2461B4F9D6B00FC7553 /* libjsoncpp.a in Frameworks */,
				46D2C2471B4F9D6B00FC7553 /* libkazmath.a in Frameworks */,
				46D2C2481B4F9D6B00FC7553 /* libutil.a in Frameworks */,
				468C75E91A96C18D001011B7 /* libc++.dylib in Frameworks */,
				495653CC1C7FEE3F0054EB7F /* opencv2.framework in Frameworks */,
				1D60589F0D05DD5A006BFB54 /* Foundation.framework in Frameworks */,
				830B5C110E5ED4C100C7819F /* UIKit.framework in Frameworks */,
				83B256E20E62FEA000468741 /* OpenGLES.framework in Frameworks */,
				83B2570B0E62FF8A00468741 /* QuartzCore.framework in Frameworks */,
				83B2574F0E63025400468741 /* libiconv.2.dylib in Frameworks */,
				8358D1B80ED1CC3700E3A684 /* AudioToolbox.framework in Frameworks */,
				56FD43960ED4745200FE3770 /* CFNetwork.framework in Frameworks */,
				5682F4B20F3B34FF007A219C /* MediaPlayer.framework in Frameworks */,
				5692F3DD0FA9D8E500EBA2F1 /* CoreLocation.framework in Frameworks */,
				56BCBA390FCF049A0030C3B2 /* SystemConfiguration.framework in Frameworks */,
				08B24F76137BFDFA00FBA309 /* iAd.framework in Frameworks */,
				7F36C11113C5C673007FBDD9 /* CoreMedia.framework in Frameworks */,
				7F36C11213C5C673007FBDD9 /* CoreVideo.framework in Frameworks */,
				7F36C11313C5C673007FBDD9 /* AVFoundation.framework in Frameworks */,
				56B7959B1442E0F20026B3DD /* CoreGraphics.framework in Frameworks */,
				56B7960F1442E1770026B3DD /* CoreMotion.framework in Frameworks */,
				6F5432281C891C70006D3724 /* HockeySDK.framework in Frameworks */,
				405EF7C18A955864E7629C7F /* libiPhone-lib.a in Frameworks */,
			);
			runOnlyForDeploymentPostprocessing = 0;
		};
/* End PBXFrameworksBuildPhase section */

/* Begin PBXGroup section */
		12EEC3F638E1D9553D5B6AE3 /* Classes */ = {
			isa = PBXGroup;
			children = (
				0ADF9858C27BB1BB4FA268D9 /* CrashReporter.h */,
				6973C228EA527277D69A845C /* CrashReporter.mm */,
				D76119896990C817E42B1E38 /* PLCrashReporter.h */,
				EFE013F157C0B1C713460F49 /* Prefix.pch */,
				6888B94A600A00596C9AABBD /* Preprocessor.h */,
				0F63F82F51F22DDC15B1AFDA /* Quaternion4.h */,
				FFC5DDA932B80A2BE9AE1296 /* UnityAppController+Rendering.h */,
				4DEB9F0D032BF61C7A6E2609 /* UnityAppController+Rendering.mm */,
				064E4A675DD13129EB066509 /* UnityAppController+UnityInterface.h */,
				1B551AAF42AE0E6A719E2CDF /* UnityAppController+UnityInterface.mm */,
				4B13FA985EBC3CFC2FA24B34 /* UnityAppController.h */,
				4B61955EFC33F67ED27FAA85 /* UnityAppController.mm */,
				FC32F87B2766EDD670489C19 /* UnityTrampolineConfigure.h */,
				0A8DB35C88E2678ABFFE72EE /* Vector3.h */,
				B24F496D632FBA09D6601AA8 /* iPhone_Sensors.h */,
				66D75C4832F5ED6E030216F1 /* iPhone_Sensors.mm */,
				F380AA58FF9ED04651070A08 /* main.mm */,
				5D20A5F3778694A70796D1D9 /* PluginBase */,
				23D4C6F295E74F88DB872470 /* UI */,
				ADB3F99821160CF9C7AB93F5 /* Unity */,
				511277FA16A4778F52DFE326 /* UnityAds */,
			);
			name = Classes;
			sourceTree = "<group>";
		};
		19C28FACFE9D520D11CA2CBB /* Products */ = {
			isa = PBXGroup;
			children = (
				1D6058910D05DD3D006BFB54 /* cozmo.app */,
			);
			name = Products;
			sourceTree = "<group>";
		};
		207E2EE3BE8198A916C1CE40 /* Libraries */ = {
			isa = PBXGroup;
			children = (
				8B3A03F713EA1F91C1572307 /* Il2CppOptions.cpp */,
				F5BC2F8353B95DFD13FEB1D9 /* RegisterFeatures.cpp */,
				C632B7F967E9AFBDF3E2708B /* RegisterFeatures.h */,
				02F7B3D102B6D56E3AED8FBD /* RegisterMonoModules.cpp */,
				B46CDF30ADF143FC3166CA62 /* RegisterMonoModules.h */,
				DA379A57EB615B22B0880E66 /* libiPhone-lib.a */,
				D0D55134A8A7099A842B5351 /* Plugins */,
			);
			name = Libraries;
			sourceTree = "<group>";
		};
		23D4C6F295E74F88DB872470 /* UI */ = {
			isa = PBXGroup;
			children = (
				E66BAFC65644B7D9C12932F8 /* ActivityIndicator.h */,
				B706760157BF61C7E1D856A1 /* ActivityIndicator.mm */,
				D110889480A7DA64A3F1CF7E /* Keyboard.h */,
				06EB52DAFDEFD540C7BEF484 /* Keyboard.mm */,
				16A3CE38904C77905E030BA9 /* OrientationSupport.h */,
				C413CECCC25579DB5CF75DDD /* OrientationSupport.mm */,
				34F59211E3191AE294A6B7CF /* SplashScreen.h */,
				EB52651E2359DD957762D896 /* SplashScreen.mm */,
				B0AA470945E833D356ED0422 /* UnityAppController+ViewHandling.h */,
				E01678637E413DC8C038A613 /* UnityAppController+ViewHandling.mm */,
				E2DAAF7D57FCEC6F77219781 /* UnityView.h */,
				CD2E52B7B6FE39E84DD463FD /* UnityView.mm */,
				FB72DA205B266276C0DD22B8 /* UnityViewControllerBase.h */,
				1411F13C5C3F1EE316790744 /* UnityViewControllerBaseTV.h */,
				0589866AA94061F2E148E399 /* UnityViewControllerBaseTV.mm */,
				C533A279880DB6A84750979F /* UnityViewControllerBaseiOS.h */,
				585A62B76424ABC68F839B79 /* UnityViewControllerBaseiOS.mm */,
			);
			name = UI;
			sourceTree = "<group>";
		};
		2567D49702305A29A535CD6A /* UnityBuild */ = {
			isa = PBXGroup;
			children = (
				12EEC3F638E1D9553D5B6AE3 /* Classes */,
				207E2EE3BE8198A916C1CE40 /* Libraries */,
				CC7B54E35A13230808419ABA /* Unity-iPhone */,
				C60568B36213E0CCF4C27A55 /* LaunchScreen-iPhoneLandscape.png */,
				D553E3C3AE3E9F95BAEFE9A7 /* LaunchScreen-iPhonePortrait.png */,
				7E0A6A38E5B5664A84454B0B /* LaunchScreen-iPhone.xib */,
			);
			name = UnityBuild;
			sourceTree = "<group>";
		};
		29B97314FDCFA39411CA2CEA /* CustomTemplate */ = {
			isa = PBXGroup;
			children = (
				465B5F2C1A9817AB00AB809E /* Config */,
				29B97323FDCFA39411CA2CEA /* Frameworks */,
				19C28FACFE9D520D11CA2CBB /* Products */,
				2567D49702305A29A535CD6A /* UnityBuild */,
			);
			name = CustomTemplate;
			sourceTree = "<group>";
		};
		29B97323FDCFA39411CA2CEA /* Frameworks */ = {
			isa = PBXGroup;
			children = (
				2385EC491F7DC38B000DC45E /* UserNotifications.framework */,
				6F8A8C8C1E95B2400020E1BA /* MediaToolbox.framework */,
				2B76A5B81E4E102800990EC0 /* WebKit.framework */,
				85C99FC71E3AF0FA00EA82E0 /* libaudioUtil.a */,
				85DD01451CD2A17300F2EAD5 /* CoreBluetooth.framework */,
				85D6352E1CC9A92700A5FB8A /* libBLECozmo.a */,
				6F54323A1C8928C4006D3724 /* QuickLook.framework */,
				6F5432381C8928AF006D3724 /* MobileCoreServices.framework */,
				6F5432361C89288F006D3724 /* AssetsLibrary.framework */,
				6F5432271C891C70006D3724 /* HockeySDK.framework */,
				495653CB1C7FEE3F0054EB7F /* opencv2.framework */,
				495653B71C7BCFD10054EB7F /* opencv2.framework */,
				85DEB8FE1C652A3C00202214 /* libDAS.a */,
				4E3C5ED01C055A8B008399F7 /* libCozmoFxPlugIn.a */,
				85065E841BF1904400DBAF35 /* libAudioEngine.a */,
				49109E021B8BA48D00827BBF /* libfsdk-static.a */,
				491A6D971B5F1D64003E91FB /* Security.framework */,
				F8BD0CF91B5EB38D00F71EA3 /* CoreText.framework */,
				46D2C2FD1B4FAA0800FC7553 /* libctiVisionRobot.a */,
				46D2C2F81B4FA6AC00FC7553 /* libctiCommonRobot.a */,
				46D2C2EE1B4FA4E900FC7553 /* libCSharpBinding.a */,
				46D2C2371B4F9D6B00FC7553 /* libcozmoEngine.a */,
				46D2C2391B4F9D6B00FC7553 /* libctiCommon.a */,
				46D2C23A1B4F9D6B00FC7553 /* libctiMessaging.a */,
				46D2C23B1B4F9D6B00FC7553 /* libctiPlanning.a */,
				46D2C23C1B4F9D6B00FC7553 /* libctiVision.a */,
				46D2C23D1B4F9D6B00FC7553 /* libjsoncpp.a */,
				46D2C23E1B4F9D6B00FC7553 /* libkazmath.a */,
				46D2C23F1B4F9D6B00FC7553 /* libutil.a */,
				83B2574E0E63025400468741 /* libiconv.2.dylib */,
				468C75E81A96C18D001011B7 /* libc++.dylib */,
				8358D1B70ED1CC3700E3A684 /* AudioToolbox.framework */,
				7F36C11013C5C673007FBDD9 /* AVFoundation.framework */,
				56FD43950ED4745200FE3770 /* CFNetwork.framework */,
				56B7959A1442E0F20026B3DD /* CoreGraphics.framework */,
				5692F3DC0FA9D8E500EBA2F1 /* CoreLocation.framework */,
				7F36C10E13C5C673007FBDD9 /* CoreMedia.framework */,
				56B795C11442E1100026B3DD /* CoreMotion.framework */,
				7F36C10F13C5C673007FBDD9 /* CoreVideo.framework */,
				1D30AB110D05D00D00671497 /* Foundation.framework */,
				56B796191442E1B80026B3DD /* GameKit.framework */,
				08B24F75137BFDFA00FBA309 /* iAd.framework */,
				5682F4B10F3B34FF007A219C /* MediaPlayer.framework */,
				83B2574B0E63022200468741 /* OpenAL.framework */,
				83B256E10E62FEA000468741 /* OpenGLES.framework */,
				83B2570A0E62FF8A00468741 /* QuartzCore.framework */,
				56BCBA380FCF049A0030C3B2 /* SystemConfiguration.framework */,
				830B5C100E5ED4C100C7819F /* UIKit.framework */,
			);
			name = Frameworks;
			sourceTree = "<group>";
		};
		465B5F2C1A9817AB00AB809E /* Config */ = {
			isa = PBXGroup;
			children = (
				852C0B6C1C6965730003DCFD /* DASConfig.json */,
				F8BD0CDF1B5EAF0400F71EA3 /* ios.xcconfig */,
				8D1107310486CEB800E47090 /* Info.plist */,
				85DF60081CA337F5002F99DA /* CozmoWifiConfigTemplate.mobileconfig */,
				DA4CFCA21E3954CB00D56793 /* Settings.bundle */,
			);
			name = Config;
			sourceTree = "<group>";
		};
		511277FA16A4778F52DFE326 /* UnityAds */ = {
			isa = PBXGroup;
			children = (
				0B7DDD377CEE0F081F1DE12E /* UnityAdsConfig.h */,
				DE853B150001873BCA2B52A4 /* UnityAdsUnityWrapper.mm */,
			);
			name = UnityAds;
			sourceTree = "<group>";
		};
		5D20A5F3778694A70796D1D9 /* PluginBase */ = {
			isa = PBXGroup;
			children = (
				5666C7C15DC70EB192946859 /* AppDelegateListener.h */,
				57B55EC3DAD9586C8674C1B4 /* AppDelegateListener.mm */,
				55C705DC5D8AEB26BFB377AF /* LifeCycleListener.h */,
				B676DEF4753207601737D2C0 /* LifeCycleListener.mm */,
				CDA9CE31FBE0C996FF9AB79A /* RenderPluginDelegate.h */,
				EC5AD5EE276544CE791A100D /* RenderPluginDelegate.mm */,
				4B04686DDA2F5D36359E38B7 /* UnityViewControllerListener.h */,
				50C487894F530BC620776E29 /* UnityViewControllerListener.mm */,
			);
			name = PluginBase;
			sourceTree = "<group>";
		};
		ADB3F99821160CF9C7AB93F5 /* Unity */ = {
			isa = PBXGroup;
			children = (
				D313AC8709C8F72CE4AA0751 /* AVCapture.h */,
				E88AB6447D8653D8C585BFC9 /* AVCapture.mm */,
				FEFB6A0B6AB803AC7EF88434 /* CMVideoSampling.h */,
				480295F402FF93083FED53F2 /* CMVideoSampling.mm */,
				FB802E4CEE1800D9A5E5410A /* CVTextureCache.h */,
				3A3FBE47363BF83270FD67BF /* CVTextureCache.mm */,
				C813C9E519945602B91BE4B2 /* CameraCapture.h */,
				2167B9C45B33ACBC132A8820 /* CameraCapture.mm */,
				54BF5D7D4068BA8F8EEC6287 /* DeviceSettings.mm */,
				70F9A413DE33B396BAF2C57A /* DisplayManager.h */,
				C5A66AFCF70A4FAC3F5D6067 /* DisplayManager.mm */,
				8B8E4BD5AA44C59E2B71FC05 /* EAGLContextHelper.h */,
				7DFBA0F8CB1070730F39FE86 /* EAGLContextHelper.mm */,
				81F27C56A6EC267EF47D648C /* Filesystem.mm */,
				FE19262FE604627F75DD2149 /* FullScreenVideoPlayer.mm */,
				4362874A55BD2944BDEEDC57 /* GlesHelper.h */,
				657037EBA4B2A40C8B51CEC0 /* GlesHelper.mm */,
				F5115C8987E6365C0D647749 /* IUnityGraphics.h */,
				2B17DB8090B090FCA8D40B33 /* IUnityGraphicsMetal.h */,
				01289A54A95A8D904086C2A0 /* IUnityInterface.h */,
				E42E274EA44A59C0030BBA5C /* InternalProfiler.cpp */,
				4C218432EC4CF649E54E45E5 /* InternalProfiler.h */,
				498AE69526A42134628B874A /* MetalHelper.mm */,
				0F2A7F82868323F5E1D99F75 /* ObjCRuntime.h */,
				DC814581D953FDA1AB4D78E8 /* ObjCRuntime.mm */,
				22B540F24D35CDDA4795F67E /* OnDemandResources.mm */,
				C4DB973C3A0A9E635F198270 /* UnityForwardDecls.h */,
				2ED3A23019D52321994584D4 /* UnityInterface.h */,
				9B1736CCB3C0D2DBFF7E5DC8 /* UnityMetalSupport.h */,
				6B7BDDAF2EDF505368474983 /* UnityRendering.h */,
				E372EEEBA2FE97E906B1FFD5 /* UnityReplayKit.h */,
				3AEA98CAE9876CED034B3932 /* UnityReplayKit.mm */,
				E0B19BBE8C4604940C707625 /* UnityReplayKit_Scripting.mm */,
				8EC83E37FEBBFB2EDD172497 /* UnityTrampolineCompatibility.h */,
				F3E61363A4DBDE2EFC124787 /* VideoPlayer.h */,
				F0A4E509436FBFB63F42A329 /* VideoPlayer.mm */,
				B9774ABD9C22A7918C80D42F /* WWWConnection.h */,
				872D8FE853E21136529C3BDB /* WWWConnection.mm */,
			);
			name = Unity;
			sourceTree = "<group>";
		};
		CC7B54E35A13230808419ABA /* Unity-iPhone */ = {
			isa = PBXGroup;
			children = (
				3C08AD7227A21E355150ADE6 /* Images.xcassets */,
			);
			name = "Unity-iPhone";
			sourceTree = "<group>";
		};
		D0CC6ACCDA9A74256AAE8C7E /* iOS */ = {
			isa = PBXGroup;
			children = (
				B703AB2167E4D819B2F4A410 /* CustomVideoPlayer.h */,
				062F41386AB5234C14755576 /* CustomVideoPlayer.mm */,
				358078AA1B02753B9C7D542D /* UTNotificationsTools.h */,
				6C07DD59FF4D152E66BFC7F9 /* UTNotificationsTools.mm */,
				2C45B2AF6726FF2E7C80FB13 /* VideoPlayerPlugin.mm */,
				4506769C2E1C900BDAEEAE47 /* WebView.mm */,
				6037C81DF5603D213C8B2533 /* cozmoAppController.mm */,
			);
			name = iOS;
			sourceTree = "<group>";
		};
		D0D55134A8A7099A842B5351 /* Plugins */ = {
			isa = PBXGroup;
			children = (
				D0CC6ACCDA9A74256AAE8C7E /* iOS */,
			);
			name = Plugins;
			sourceTree = "<group>";
		};
/* End PBXGroup section */

/* Begin PBXNativeTarget section */
		1D6058900D05DD3D006BFB54 /* Unity-iPhone */ = {
			isa = PBXNativeTarget;
			buildConfigurationList = 1D6058960D05DD3E006BFB54 /* Build configuration list for PBXNativeTarget "Unity-iPhone" */;
			buildPhases = (
				83D0C1FB0E6C8D5900EBCE5D /* Compile Unity */,
				ADE5AADA1D1B63060094D81A /* Copy Unity Assets */,
				1D60588D0D05DD3D006BFB54 /* Resources */,
				1D60588E0D05DD3D006BFB54 /* Sources */,
				1D60588F0D05DD3D006BFB54 /* Frameworks */,
				46F5C0B61A96C9830078F6E7 /* Copy Mono Assemblies */,
				4615E0661A98401200285574 /* Symlink App */,
				49109E091B8BAFB400827BBF /* Embed Frameworks */,
			);
			buildRules = (
			);
			dependencies = (
			);
			name = "Unity-iPhone";
			productName = "iPhone-target";
			productReference = 1D6058910D05DD3D006BFB54 /* cozmo.app */;
			productType = "com.apple.product-type.application";
		};
/* End PBXNativeTarget section */

/* Begin PBXProject section */
		29B97313FDCFA39411CA2CEA /* Project object */ = {
			isa = PBXProject;
			attributes = {
				TargetAttributes = {
					1D6058900D05DD3D006BFB54 = {
						DevelopmentTeam = BEJF9NAYCL;
						ProvisioningStyle = Manual;
						SystemCapabilities = {
							com.apple.BackgroundModes = {
								enabled = 1;
							};
						};
					};
				};
			};
			buildConfigurationList = C01FCF4E08A954540054247B /* Build configuration list for PBXProject "CozmoUnity_ios_mono2x" */;
			compatibilityVersion = "Xcode 3.2";
			developmentRegion = English;
			hasScannedForEncodings = 1;
			knownRegions = (
				English,
				Japanese,
				French,
				German,
				en,
			);
			mainGroup = 29B97314FDCFA39411CA2CEA /* CustomTemplate */;
			projectDirPath = "";
			projectRoot = "";
			targets = (
				1D6058900D05DD3D006BFB54 /* Unity-iPhone */,
			);
		};
/* End PBXProject section */

/* Begin PBXResourcesBuildPhase section */
		1D60588D0D05DD3D006BFB54 /* Resources */ = {
			isa = PBXResourcesBuildPhase;
			buildActionMask = 2147483647;
			files = (
				F8BD0CE01B5EAF0400F71EA3 /* ios.xcconfig in Resources */,
				85DF60091CA337F5002F99DA /* CozmoWifiConfigTemplate.mobileconfig in Resources */,
				DA4CFCA31E3954CB00D56793 /* Settings.bundle in Resources */,
				02B586D964836D51B9590340 /* Images.xcassets in Resources */,
				17E2C07577A687C86B439BF7 /* LaunchScreen-iPhoneLandscape.png in Resources */,
				8D061DB0D685A1DA6CA66039 /* LaunchScreen-iPhonePortrait.png in Resources */,
				D688A0149C5A80EFB1884568 /* LaunchScreen-iPhone.xib in Resources */,
			);
			runOnlyForDeploymentPostprocessing = 0;
		};
/* End PBXResourcesBuildPhase section */

/* Begin PBXShellScriptBuildPhase section */
		4615E0661A98401200285574 /* Symlink App */ = {
			isa = PBXShellScriptBuildPhase;
			buildActionMask = 2147483647;
			files = (
			);
			inputPaths = (
			);
			name = "Symlink App";
			outputPaths = (
			);
			runOnlyForDeploymentPostprocessing = 0;
			shellPath = /bin/bash;
			shellScript = "set -e\n\nBUILT_APP_BUNDLE=\"${BUILT_PRODUCTS_DIR}/${WRAPPER_NAME}\"\n\necho \"ANKI_BUILD_APP_PATH=${ANKI_BUILD_APP_PATH}\"\necho \"ANKI_BUILD_APP_PKG=${ANKI_BUILD_APP_PKG}\"\necho \"BUILT_APP_BUNDLE=${BUILT_APP_BUNDLE}\"\n\nrm -f \"${ANKI_BUILD_APP_PKG}\"\nmkdir -p \"${ANKI_BUILD_APP_PATH}\"\necho ln -s \"${BUILT_APP_BUNDLE}\" \"${ANKI_BUILD_APP_PATH}\"\nln -s \"${BUILT_APP_BUNDLE}\" \"${ANKI_BUILD_APP_PATH}\"";
			showEnvVarsInLog = 0;
		};
		46F5C0B61A96C9830078F6E7 /* Copy Mono Assemblies */ = {
			isa = PBXShellScriptBuildPhase;
			buildActionMask = 2147483647;
			files = (
			);
			inputPaths = (
			);
			name = "Copy Mono Assemblies";
			outputPaths = (
			);
			runOnlyForDeploymentPostprocessing = 0;
			shellPath = /bin/bash;
			shellScript = "set -e\n\nBUILT_APP_BUNDLE=\"${BUILT_PRODUCTS_DIR}/${WRAPPER_NAME}\"\n\necho \"UNITY_BUILD_ROOT=${ANKI_BUILD_UNITY_XCODE_BUILD_DIR}\"\necho \"BUILT_APP_BUNDLE=${BUILT_APP_BUNDLE}\"\n\nrm -rf \"${BUILT_APP_BUNDLE}/Data\"\ncp -HRf \"${ANKI_BUILD_UNITY_XCODE_BUILD_DIR}/Data\" \"${BUILT_APP_BUNDLE}\"";
			showEnvVarsInLog = 0;
		};
		83D0C1FB0E6C8D5900EBCE5D /* Compile Unity */ = {
			isa = PBXShellScriptBuildPhase;
			buildActionMask = 2147483647;
			files = (
			);
			inputPaths = (
			);
			name = "Compile Unity";
			outputPaths = (
			);
			runOnlyForDeploymentPostprocessing = 0;
			shellPath = /bin/bash;
			shellScript = "set -e\nset -x\n\nif test -z \"$SCRIPT_ENGINE\"\nthen\n    SCRIPTENGINE=mono2x\nelse\n    SCRIPTENGINE=$SCRIPT_ENGINE\nfi\n\nif test -z \"$ANKI_BUILD_REPO_ROOT\"\nthen\n    echo \"No ANKI_BUILD_REPO_ROOT set; expected ios.xcconfig to exist.\" >&2\n    exit 1\nfi\n\nCONFIG=$(echo ${CONFIGURATION} | tr '[:upper:]' '[:lower:]')\n\n#if [ ${ANKI_BUILD_MODE:=auto} == \"auto\" ]; then\n\n# If we're not using a PREBUILT_UNITY, then build unity now.\npwd\necho\npython2 -u \"${ANKI_BUILD_REPO_ROOT}/tools/build/tools/ankibuild/unity.py\" \\\n--platform ios \\\n--config \"${CONFIG}\" \\\n--sdk \"${PLATFORM_NAME}\" \\\n--script-engine \"${SCRIPTENGINE}\" \\\n--build-dir \"${ANKI_BUILD_UNITY_XCODE_BUILD_DIR}\" \\\n--log-file \"${ANKI_BUILD_UNITY_BUILD_DIR}/UnityBuild-${CONFIG}-${PLATFORM_NAME}.log\" \\\n--xcode-build-dir \"${ANKI_BUILD_UNITY_XCODE_BUILD_DIR}\" \\\n--with-unity \"${ANKI_BUILD_UNITY_EXE}\" \\\n--build-type OnlyPlayer \\\n--verbose \\\n\"${ANKI_BUILD_UNITY_PROJECT_PATH}\"\n\n#fi\n\n# update our symlink\nrm -rf \"${SRCROOT}/UnityBuild\"\nln -s \"${ANKI_BUILD_UNITY_XCODE_BUILD_DIR}\" \"${SRCROOT}/UnityBuild\"\n";
			showEnvVarsInLog = 0;
		};
		ADE5AADA1D1B63060094D81A /* Copy Unity Assets */ = {
			isa = PBXShellScriptBuildPhase;
			buildActionMask = 2147483647;
			files = (
			);
			inputPaths = (
			);
			name = "Copy Unity Assets";
			outputPaths = (
			);
			runOnlyForDeploymentPostprocessing = 0;
			shellPath = /bin/sh;
			shellScript = "set -e\nset -x\n\nif test -z \"$ANKI_BUILD_REPO_ROOT\"\nthen\necho \"No ANKI_BUILD_REPO_ROOT set; expected ios.xcconfig to exist.\" >&2\nexit 1\nfi\n\ncd \"${ANKI_BUILD_REPO_ROOT}\"\nCONFIG=$(echo ${CONFIGURATION} | tr '[:upper:]' '[:lower:]')\n\n./project/build-scripts/copyResources.py \\\n--destination build/ios/unity-ios/\"${CONFIG}\"-iphoneos/Data/Raw/ \\\n--copyMethod rsync \\\n--platform ios \\\n--buildToolsPath tools/build/ \\\n--externalAssetsPath EXTERNALS/cozmo-assets/ \\\n--CladEnumToStringMapsPath resources/assets/cladToFileMaps/ \\\n--dailyGoalsPath resources/assets/DailyGoals/ \\\n--rewardedActionsPath resources/assets/RewardedActions/ \\\n--engineResourcesPath resources/config/ \\\n--soundBanksPath EXTERNALS/cozmosoundbanks/GeneratedSoundBanks \\\n--unityAssetsPath unity/Cozmo/Assets/StreamingAssets/\n";
			showEnvVarsInLog = 0;
		};
/* End PBXShellScriptBuildPhase section */

/* Begin PBXSourcesBuildPhase section */
		1D60588E0D05DD3D006BFB54 /* Sources */ = {
			isa = PBXSourcesBuildPhase;
			buildActionMask = 2147483647;
			files = (
				14692BB4CC542C6F1643BFDC /* CrashReporter.mm in Sources */,
				FFAB9C01FF3FA2C4E6EDF50D /* UnityAppController+Rendering.mm in Sources */,
				D860ACF82B3464CF57ADFF0D /* UnityAppController+UnityInterface.mm in Sources */,
				C93AF5A098D4D17381964239 /* UnityAppController.mm in Sources */,
				2578606216A9027870B5C447 /* iPhone_Sensors.mm in Sources */,
				7D5E1D670ECA5B47BC5FC39A /* main.mm in Sources */,
				29A2840A00D5FA9F2ED8D140 /* AppDelegateListener.mm in Sources */,
				70C59CE08D285EDEF400756E /* LifeCycleListener.mm in Sources */,
				53FCE686A8AEC6E6549C142B /* RenderPluginDelegate.mm in Sources */,
				A1075F60357CDCE4BF4D02B6 /* UnityViewControllerListener.mm in Sources */,
				BFAD348E48FDA12BD46DBCA2 /* ActivityIndicator.mm in Sources */,
				5EB556F7464CD4F22E3E8D22 /* Keyboard.mm in Sources */,
				9E0E70EAF487F837F2030006 /* OrientationSupport.mm in Sources */,
				1DEBB85E53BFF0C17783A20E /* SplashScreen.mm in Sources */,
				654BDCE249E0B7114217EF00 /* UnityAppController+ViewHandling.mm in Sources */,
				4916CEA9DB9FC7D2C14E0D6F /* UnityView.mm in Sources */,
				89DF4310C616D94918EAA3DE /* UnityViewControllerBaseTV.mm in Sources */,
				0955A7781F53E5F104DD220F /* UnityViewControllerBaseiOS.mm in Sources */,
				1C38ED4D3AADCF7A4BE21CDB /* AVCapture.mm in Sources */,
				A275A8CA1AF27D7AB35B25DC /* CMVideoSampling.mm in Sources */,
				6E5962D7AAE351C7B344D0FE /* CVTextureCache.mm in Sources */,
				273EE5B9B92AC683D0CE786B /* CameraCapture.mm in Sources */,
				304CEFC93FA2C2DCFBE4A5CA /* DeviceSettings.mm in Sources */,
				B0E79F1301C53951C2DE6310 /* DisplayManager.mm in Sources */,
				0744B8C1A40FE842EAFBC0F3 /* EAGLContextHelper.mm in Sources */,
				8A130FF866E19251613A7E20 /* Filesystem.mm in Sources */,
				496F39DF58DEEFFACB6159C0 /* FullScreenVideoPlayer.mm in Sources */,
				16D3930A6A0543751B4F8630 /* GlesHelper.mm in Sources */,
				EC592C7353C1438449A0B4BE /* InternalProfiler.cpp in Sources */,
				1BBB49FE51053934A7D3C145 /* MetalHelper.mm in Sources */,
				AEECFFC6A184AD0E15EFE8BA /* ObjCRuntime.mm in Sources */,
				4AE3DECF81894DFB43446A54 /* OnDemandResources.mm in Sources */,
				604B762AFB5CB3E928C3755E /* UnityReplayKit.mm in Sources */,
				04352771EE7ADBBF547557A4 /* UnityReplayKit_Scripting.mm in Sources */,
				B4BE576FA29A1C771F875973 /* VideoPlayer.mm in Sources */,
				58B873D3DA9D60002D35F635 /* WWWConnection.mm in Sources */,
				DB69BDC882CA17962DF3C327 /* UnityAdsUnityWrapper.mm in Sources */,
				2C94CF28DA5EBFAF3551D645 /* Il2CppOptions.cpp in Sources */,
				34857C4BC95EA4D614531ACF /* RegisterFeatures.cpp in Sources */,
				93A4C14B1647E6526C7EB60B /* RegisterMonoModules.cpp in Sources */,
				E13C1706991F4DAC1BDC122A /* CustomVideoPlayer.mm in Sources */,
				2225EFBD9266DE2D57FF9965 /* UTNotificationsTools.mm in Sources */,
				7A0EA216753BA2A39C418664 /* VideoPlayerPlugin.mm in Sources */,
				B92377D9FC90ECA3D8AB5D74 /* WebView.mm in Sources */,
				428C6E6E29A8EDDD60E07CEE /* cozmoAppController.mm in Sources */,
			);
			runOnlyForDeploymentPostprocessing = 0;
		};
/* End PBXSourcesBuildPhase section */

/* Begin XCBuildConfiguration section */
		1D6058940D05DD3E006BFB54 /* Debug */ = {
			isa = XCBuildConfiguration;
			baseConfigurationReference = F8BD0CDF1B5EAF0400F71EA3 /* ios.xcconfig */;
			buildSettings = {
				ALWAYS_SEARCH_USER_PATHS = NO;
				ARCHS = armv7;
				ASSETCATALOG_COMPILER_APPICON_NAME = AppIcon;
				ASSETCATALOG_COMPILER_LAUNCHIMAGE_NAME = LaunchImage;
				CLANG_CXX_LANGUAGE_STANDARD = "c++0x";
				CLANG_CXX_LIBRARY = "libc++";
				CLANG_ENABLE_OBJC_ARC = YES;
				CLANG_WARN_DEPRECATED_OBJC_IMPLEMENTATIONS = YES;
				CODE_SIGN_IDENTITY = "";
				"CODE_SIGN_IDENTITY[sdk=iphoneos*]" = "iPhone Developer";
				COPY_PHASE_STRIP = NO;
				ENABLE_BITCODE = NO;
				FRAMEWORK_SEARCH_PATHS = (
					"$(inherited)",
					"$(SRCROOT)/opencv",
					"$(SRCROOT)/HockeyApp",
				);
				GCC_DYNAMIC_NO_PIC = NO;
				GCC_ENABLE_CPP_EXCEPTIONS = YES;
				GCC_OPTIMIZATION_LEVEL = 0;
				GCC_PRECOMPILE_PREFIX_HEADER = YES;
				GCC_PREFIX_HEADER = UnityBuild/Classes/Prefix.pch;
				GCC_USE_INDIRECT_FUNCTION_CALLS = NO;
				HEADER_SEARCH_PATHS = (
					"\"$(SRCROOT)/UnityBuild/Classes\"",
					"\"$(SRCROOT)\"",
					"$(SRCROOT)/UnityBuild/Classes/Native",
					"$(SRCROOT)/UnityBuild/Libraries/bdwgc/include",
					"$(SRCROOT)/UnityBuild/Libraries/libil2cpp/include",
					"$(SRCROOT)/../../cozmoAPI/include",
					"$(SRCROOT)/../../lib/util/source/anki",
				);
				INFOPLIST_FILE = Info.plist;
				LD_RUNPATH_SEARCH_PATHS = "$(inherited) @executable_path/Frameworks";
				LIBRARY_SEARCH_PATHS = (
					"$(inherited)",
					"$(SRCROOT)/opencv",
					"$(ANKI_BUILD_UNITY_XCODE_BUILD_DIR)/Libraries",
					"$(SRCROOT)/HockeyApp",
				);
				ONLY_ACTIVE_ARCH = NO;
				OTHER_CFLAGS = "-DINIT_SCRIPTING_BACKEND=1";
				OTHER_LDFLAGS = (
					"-weak_framework",
					CoreMotion,
					"-weak-lSystem",
					"-force_load",
					"$(CORETECH_EXTERNAL_DIR)/routing_http_server/generated/ios/DerivedData/Release-iphoneos/librouting_http_server.a",
				);
				PRODUCT_NAME = cozmo;
				SDKROOT = iphoneos;
				SUPPORTED_PLATFORMS = iphoneos;
				TARGETED_DEVICE_FAMILY = "1,2";
				UNITY_RUNTIME_VERSION = 5.3.5p8;
				UNITY_SCRIPTING_BACKEND = mono2x;
				VALID_ARCHS = armv7;
			};
			name = Debug;
		};
		1D6058950D05DD3E006BFB54 /* Release */ = {
			isa = XCBuildConfiguration;
			baseConfigurationReference = F8BD0CDF1B5EAF0400F71EA3 /* ios.xcconfig */;
			buildSettings = {
				ALWAYS_SEARCH_USER_PATHS = NO;
				ARCHS = armv7;
				ASSETCATALOG_COMPILER_APPICON_NAME = AppIcon;
				ASSETCATALOG_COMPILER_LAUNCHIMAGE_NAME = LaunchImage;
				CLANG_CXX_LANGUAGE_STANDARD = "c++0x";
				CLANG_CXX_LIBRARY = "libc++";
				CLANG_ENABLE_OBJC_ARC = YES;
				CLANG_WARN_DEPRECATED_OBJC_IMPLEMENTATIONS = YES;
				CODE_SIGN_IDENTITY = "";
				"CODE_SIGN_IDENTITY[sdk=iphoneos*]" = "iPhone Developer";
				COPY_PHASE_STRIP = YES;
				ENABLE_BITCODE = NO;
				FRAMEWORK_SEARCH_PATHS = (
					"$(inherited)",
					"$(SRCROOT)/opencv",
					"$(SRCROOT)/HockeyApp",
				);
				GCC_ENABLE_CPP_EXCEPTIONS = YES;
				GCC_PRECOMPILE_PREFIX_HEADER = YES;
				GCC_PREFIX_HEADER = UnityBuild/Classes/Prefix.pch;
				HEADER_SEARCH_PATHS = (
					"\"$(SRCROOT)/UnityBuild/Classes\"",
					"\"$(SRCROOT)\"",
					"$(SRCROOT)/UnityBuild/Classes/Native",
					"$(SRCROOT)/UnityBuild/Libraries/bdwgc/include",
					"$(SRCROOT)/UnityBuild/Libraries/libil2cpp/include",
					"$(SRCROOT)/../../cozmoAPI/include",
					"$(SRCROOT)/../../lib/util/source/anki",
				);
				INFOPLIST_FILE = Info.plist;
				LD_RUNPATH_SEARCH_PATHS = "$(inherited) @executable_path/Frameworks";
				LIBRARY_SEARCH_PATHS = (
					"$(inherited)",
					"$(SRCROOT)/opencv",
					"$(ANKI_BUILD_UNITY_XCODE_BUILD_DIR)/Libraries",
					"$(SRCROOT)/HockeyApp",
				);
				ONLY_ACTIVE_ARCH = NO;
				OTHER_CFLAGS = "-DINIT_SCRIPTING_BACKEND=1";
				OTHER_LDFLAGS = (
					"-weak_framework",
					CoreMotion,
					"-weak-lSystem",
					"-force_load",
					"$(CORETECH_EXTERNAL_DIR)/routing_http_server/generated/ios/DerivedData/Release-iphoneos/librouting_http_server.a",
				);
				PRODUCT_NAME = cozmo;
				SDKROOT = iphoneos;
				SUPPORTED_PLATFORMS = iphoneos;
				TARGETED_DEVICE_FAMILY = "1,2";
				UNITY_RUNTIME_VERSION = 5.3.5p8;
				UNITY_SCRIPTING_BACKEND = mono2x;
				VALID_ARCHS = armv7;
			};
			name = Release;
		};
		ADE4E84C1D84C23D00A46885 /* Shipping */ = {
			isa = XCBuildConfiguration;
			baseConfigurationReference = F8BD0CDF1B5EAF0400F71EA3 /* ios.xcconfig */;
			buildSettings = {
				ARCHS = (
					armv7,
					armv7s,
				);
				CODE_SIGN_IDENTITY = "";
				ENABLE_BITCODE = NO;
				GCC_C_LANGUAGE_STANDARD = c99;
				GCC_ENABLE_CPP_RTTI = NO;
				GCC_ENABLE_OBJC_EXCEPTIONS = NO;
				GCC_THUMB_SUPPORT = NO;
				GCC_USE_INDIRECT_FUNCTION_CALLS = NO;
				GCC_WARN_ABOUT_DEPRECATED_FUNCTIONS = NO;
				GCC_WARN_ABOUT_RETURN_TYPE = YES;
				GCC_WARN_UNUSED_VARIABLE = YES;
				SDKROOT = iphoneos;
				SUPPORTED_PLATFORMS = iphoneos;
				VALID_ARCHS = armv7;
			};
			name = Shipping;
		};
		ADE4E84D1D84C23D00A46885 /* Shipping */ = {
			isa = XCBuildConfiguration;
			baseConfigurationReference = F8BD0CDF1B5EAF0400F71EA3 /* ios.xcconfig */;
			buildSettings = {
				ALWAYS_SEARCH_USER_PATHS = NO;
				ARCHS = armv7;
				ASSETCATALOG_COMPILER_APPICON_NAME = AppIcon;
				ASSETCATALOG_COMPILER_LAUNCHIMAGE_NAME = LaunchImage;
				CLANG_CXX_LANGUAGE_STANDARD = "c++0x";
				CLANG_CXX_LIBRARY = "libc++";
				CLANG_ENABLE_OBJC_ARC = YES;
				CLANG_WARN_DEPRECATED_OBJC_IMPLEMENTATIONS = YES;
				CODE_SIGN_IDENTITY = "";
				"CODE_SIGN_IDENTITY[sdk=iphoneos*]" = "iPhone Developer";
				COPY_PHASE_STRIP = YES;
				ENABLE_BITCODE = NO;
				FRAMEWORK_SEARCH_PATHS = (
					"$(inherited)",
					"$(SRCROOT)/opencv",
					"$(SRCROOT)/HockeyApp",
				);
				GCC_ENABLE_CPP_EXCEPTIONS = YES;
				GCC_PRECOMPILE_PREFIX_HEADER = YES;
				GCC_PREFIX_HEADER = UnityBuild/Classes/Prefix.pch;
				HEADER_SEARCH_PATHS = (
					"\"$(SRCROOT)/UnityBuild/Classes\"",
					"\"$(SRCROOT)\"",
					"$(SRCROOT)/UnityBuild/Classes/Native",
					"$(SRCROOT)/UnityBuild/Libraries/bdwgc/include",
					"$(SRCROOT)/UnityBuild/Libraries/libil2cpp/include",
					"$(SRCROOT)/../../cozmoAPI/include",
					"$(SRCROOT)/../../lib/util/source/anki",
				);
				INFOPLIST_FILE = Info.plist;
				LD_RUNPATH_SEARCH_PATHS = "$(inherited) @executable_path/Frameworks";
				LIBRARY_SEARCH_PATHS = (
					"$(inherited)",
					"$(SRCROOT)/opencv",
					"$(ANKI_BUILD_UNITY_XCODE_BUILD_DIR)/Libraries",
					"$(SRCROOT)/HockeyApp",
				);
				ONLY_ACTIVE_ARCH = NO;
				OTHER_CFLAGS = "-DINIT_SCRIPTING_BACKEND=1";
				OTHER_LDFLAGS = (
					"-weak_framework",
					CoreMotion,
					"-weak-lSystem",
				);
				PRODUCT_NAME = cozmo;
				SDKROOT = iphoneos;
				SUPPORTED_PLATFORMS = iphoneos;
				TARGETED_DEVICE_FAMILY = "1,2";
				UNITY_RUNTIME_VERSION = 5.3.5p8;
				UNITY_SCRIPTING_BACKEND = mono2x;
				VALID_ARCHS = armv7;
			};
			name = Shipping;
		};
		C01FCF4F08A954540054247B /* Debug */ = {
			isa = XCBuildConfiguration;
			baseConfigurationReference = F8BD0CDF1B5EAF0400F71EA3 /* ios.xcconfig */;
			buildSettings = {
				ARCHS = (
					armv7,
					armv7s,
				);
				CODE_SIGN_IDENTITY = "";
				DEBUG_INFORMATION_FORMAT = dwarf;
				ENABLE_BITCODE = NO;
				GCC_C_LANGUAGE_STANDARD = c99;
				GCC_ENABLE_CPP_RTTI = NO;
				GCC_ENABLE_OBJC_EXCEPTIONS = NO;
				GCC_THUMB_SUPPORT = NO;
				GCC_USE_INDIRECT_FUNCTION_CALLS = YES;
				GCC_WARN_ABOUT_DEPRECATED_FUNCTIONS = NO;
				GCC_WARN_ABOUT_RETURN_TYPE = YES;
				GCC_WARN_UNUSED_VARIABLE = YES;
				ONLY_ACTIVE_ARCH = NO;
				OTHER_LDFLAGS = "";
				SDKROOT = iphoneos;
				SUPPORTED_PLATFORMS = iphoneos;
				VALID_ARCHS = armv7;
			};
			name = Debug;
		};
		C01FCF5008A954540054247B /* Release */ = {
			isa = XCBuildConfiguration;
			baseConfigurationReference = F8BD0CDF1B5EAF0400F71EA3 /* ios.xcconfig */;
			buildSettings = {
				ARCHS = (
					armv7,
					armv7s,
				);
				CODE_SIGN_IDENTITY = "";
				ENABLE_BITCODE = NO;
				GCC_C_LANGUAGE_STANDARD = c99;
				GCC_ENABLE_CPP_RTTI = NO;
				GCC_ENABLE_OBJC_EXCEPTIONS = NO;
				GCC_THUMB_SUPPORT = NO;
				GCC_USE_INDIRECT_FUNCTION_CALLS = NO;
				GCC_WARN_ABOUT_DEPRECATED_FUNCTIONS = NO;
				GCC_WARN_ABOUT_RETURN_TYPE = YES;
				GCC_WARN_UNUSED_VARIABLE = YES;
				SDKROOT = iphoneos;
				SUPPORTED_PLATFORMS = iphoneos;
				VALID_ARCHS = armv7;
			};
			name = Release;
		};
/* End XCBuildConfiguration section */

/* Begin XCConfigurationList section */
		1D6058960D05DD3E006BFB54 /* Build configuration list for PBXNativeTarget "Unity-iPhone" */ = {
			isa = XCConfigurationList;
			buildConfigurations = (
				1D6058950D05DD3E006BFB54 /* Release */,
				ADE4E84D1D84C23D00A46885 /* Shipping */,
				1D6058940D05DD3E006BFB54 /* Debug */,
			);
			defaultConfigurationIsVisible = 0;
			defaultConfigurationName = Release;
		};
		C01FCF4E08A954540054247B /* Build configuration list for PBXProject "CozmoUnity_ios_mono2x" */ = {
			isa = XCConfigurationList;
			buildConfigurations = (
				C01FCF5008A954540054247B /* Release */,
				ADE4E84C1D84C23D00A46885 /* Shipping */,
				C01FCF4F08A954540054247B /* Debug */,
			);
			defaultConfigurationIsVisible = 0;
			defaultConfigurationName = Release;
		};
/* End XCConfigurationList section */
	};
	rootObject = 29B97313FDCFA39411CA2CEA /* Project object */;
}
