// !$*UTF8*$!
{
	archiveVersion = 1;
	classes = {
	};
	objectVersion = 46;
	objects = {

/* Begin PBXBuildFile section */
		5C74C53917AB4289007BD21C /* libCoreTech_Common.a in Frameworks */ = {isa = PBXBuildFile; fileRef = 5C74C53817AB4289007BD21C /* libCoreTech_Common.a */; };
		5C74C53C17AB42AF007BD21C /* libeng.dylib in Frameworks */ = {isa = PBXBuildFile; fileRef = 5C74C53A17AB42AF007BD21C /* libeng.dylib */; };
		5C74C53D17AB42AF007BD21C /* libmx.dylib in Frameworks */ = {isa = PBXBuildFile; fileRef = 5C74C53B17AB42AF007BD21C /* libmx.dylib */; };
		5C7B94C317AB1F080020CCF7 /* CoreTech_Common_Test.1 in CopyFiles */ = {isa = PBXBuildFile; fileRef = 5C7B94C217AB1F080020CCF7 /* CoreTech_Common_Test.1 */; };
		5C7B94CA17AB1F2F0020CCF7 /* common_Test.cpp in Sources */ = {isa = PBXBuildFile; fileRef = 5C7B94C917AB1F2F0020CCF7 /* common_Test.cpp */; };
		5CCDACBA17AC2470000B4375 /* libopencv_calib3d.dylib in Frameworks */ = {isa = PBXBuildFile; fileRef = 5CCDACA517AC2470000B4375 /* libopencv_calib3d.dylib */; };
		5CCDACBB17AC2470000B4375 /* libopencv_contrib.dylib in Frameworks */ = {isa = PBXBuildFile; fileRef = 5CCDACA617AC2470000B4375 /* libopencv_contrib.dylib */; };
		5CCDACBC17AC2470000B4375 /* libopencv_core.dylib in Frameworks */ = {isa = PBXBuildFile; fileRef = 5CCDACA717AC2470000B4375 /* libopencv_core.dylib */; };
		5CCDACBD17AC2470000B4375 /* libopencv_features2d.dylib in Frameworks */ = {isa = PBXBuildFile; fileRef = 5CCDACA817AC2470000B4375 /* libopencv_features2d.dylib */; };
		5CCDACBE17AC2470000B4375 /* libopencv_flann.dylib in Frameworks */ = {isa = PBXBuildFile; fileRef = 5CCDACA917AC2470000B4375 /* libopencv_flann.dylib */; };
		5CCDACBF17AC2470000B4375 /* libopencv_gpu.dylib in Frameworks */ = {isa = PBXBuildFile; fileRef = 5CCDACAA17AC2470000B4375 /* libopencv_gpu.dylib */; };
		5CCDACC017AC2470000B4375 /* libopencv_haartraining_engine.a in Frameworks */ = {isa = PBXBuildFile; fileRef = 5CCDACAB17AC2470000B4375 /* libopencv_haartraining_engine.a */; };
		5CCDACC117AC2470000B4375 /* libopencv_highgui.dylib in Frameworks */ = {isa = PBXBuildFile; fileRef = 5CCDACAC17AC2470000B4375 /* libopencv_highgui.dylib */; };
		5CCDACC217AC2470000B4375 /* libopencv_imgproc.dylib in Frameworks */ = {isa = PBXBuildFile; fileRef = 5CCDACAD17AC2470000B4375 /* libopencv_imgproc.dylib */; };
		5CCDACC317AC2470000B4375 /* libopencv_java246.dylib in Frameworks */ = {isa = PBXBuildFile; fileRef = 5CCDACAE17AC2470000B4375 /* libopencv_java246.dylib */; };
		5CCDACC417AC2470000B4375 /* libopencv_legacy.dylib in Frameworks */ = {isa = PBXBuildFile; fileRef = 5CCDACAF17AC2470000B4375 /* libopencv_legacy.dylib */; };
		5CCDACC517AC2470000B4375 /* libopencv_ml.dylib in Frameworks */ = {isa = PBXBuildFile; fileRef = 5CCDACB017AC2470000B4375 /* libopencv_ml.dylib */; };
		5CCDACC617AC2470000B4375 /* libopencv_nonfree.dylib in Frameworks */ = {isa = PBXBuildFile; fileRef = 5CCDACB117AC2470000B4375 /* libopencv_nonfree.dylib */; };
		5CCDACC717AC2470000B4375 /* libopencv_objdetect.dylib in Frameworks */ = {isa = PBXBuildFile; fileRef = 5CCDACB217AC2470000B4375 /* libopencv_objdetect.dylib */; };
		5CCDACC817AC2470000B4375 /* libopencv_ocl.dylib in Frameworks */ = {isa = PBXBuildFile; fileRef = 5CCDACB317AC2470000B4375 /* libopencv_ocl.dylib */; };
		5CCDACC917AC2470000B4375 /* libopencv_photo.dylib in Frameworks */ = {isa = PBXBuildFile; fileRef = 5CCDACB417AC2470000B4375 /* libopencv_photo.dylib */; };
		5CCDACCA17AC2470000B4375 /* libopencv_stitching.dylib in Frameworks */ = {isa = PBXBuildFile; fileRef = 5CCDACB517AC2470000B4375 /* libopencv_stitching.dylib */; };
		5CCDACCB17AC2470000B4375 /* libopencv_superres.dylib in Frameworks */ = {isa = PBXBuildFile; fileRef = 5CCDACB617AC2470000B4375 /* libopencv_superres.dylib */; };
		5CCDACCC17AC2470000B4375 /* libopencv_ts.dylib in Frameworks */ = {isa = PBXBuildFile; fileRef = 5CCDACB717AC2470000B4375 /* libopencv_ts.dylib */; };
		5CCDACCD17AC2470000B4375 /* libopencv_video.dylib in Frameworks */ = {isa = PBXBuildFile; fileRef = 5CCDACB817AC2470000B4375 /* libopencv_video.dylib */; };
		5CCDACCE17AC2470000B4375 /* libopencv_videostab.dylib in Frameworks */ = {isa = PBXBuildFile; fileRef = 5CCDACB917AC2470000B4375 /* libopencv_videostab.dylib */; };
		5CCDACD117AC247E000B4375 /* libgtest_main.a in Frameworks */ = {isa = PBXBuildFile; fileRef = 5CCDACCF17AC247E000B4375 /* libgtest_main.a */; };
		5CCDACD217AC247E000B4375 /* libgtest.a in Frameworks */ = {isa = PBXBuildFile; fileRef = 5CCDACD017AC247E000B4375 /* libgtest.a */; };
/* End PBXBuildFile section */

/* Begin PBXCopyFilesBuildPhase section */
		5C7B94BB17AB1F080020CCF7 /* CopyFiles */ = {
			isa = PBXCopyFilesBuildPhase;
			buildActionMask = 2147483647;
			dstPath = /usr/share/man/man1/;
			dstSubfolderSpec = 0;
			files = (
				5C7B94C317AB1F080020CCF7 /* CoreTech_Common_Test.1 in CopyFiles */,
			);
			runOnlyForDeploymentPostprocessing = 1;
		};
/* End PBXCopyFilesBuildPhase section */

/* Begin PBXFileReference section */
		5C74C53817AB4289007BD21C /* libCoreTech_Common.a */ = {isa = PBXFileReference; lastKnownFileType = archive.ar; name = libCoreTech_Common.a; path = "../../../../../../Library/Developer/Xcode/DerivedData/CoreTech_Common-eqhlqxhoevhxqidsiqphyrydexlr/Build/Products/Debug/libCoreTech_Common.a"; sourceTree = "<group>"; };
		5C74C53A17AB42AF007BD21C /* libeng.dylib */ = {isa = PBXFileReference; lastKnownFileType = "compiled.mach-o.dylib"; name = libeng.dylib; path = ../../../../../../../../Applications/MATLAB_R2013a.app/bin/maci64/libeng.dylib; sourceTree = "<group>"; };
		5C74C53B17AB42AF007BD21C /* libmx.dylib */ = {isa = PBXFileReference; lastKnownFileType = "compiled.mach-o.dylib"; name = libmx.dylib; path = ../../../../../../../../Applications/MATLAB_R2013a.app/bin/maci64/libmx.dylib; sourceTree = "<group>"; };
		5C7B94BD17AB1F080020CCF7 /* CoreTech_Common_Test */ = {isa = PBXFileReference; explicitFileType = "compiled.mach-o.executable"; includeInIndex = 0; path = CoreTech_Common_Test; sourceTree = BUILT_PRODUCTS_DIR; };
		5C7B94C217AB1F080020CCF7 /* CoreTech_Common_Test.1 */ = {isa = PBXFileReference; lastKnownFileType = text.man; path = CoreTech_Common_Test.1; sourceTree = "<group>"; };
		5C7B94C917AB1F2F0020CCF7 /* common_Test.cpp */ = {isa = PBXFileReference; fileEncoding = 4; lastKnownFileType = sourcecode.cpp.cpp; name = common_Test.cpp; path = ../../../test/common_Test.cpp; sourceTree = "<group>"; };
		5CCDACA517AC2470000B4375 /* libopencv_calib3d.dylib */ = {isa = PBXFileReference; lastKnownFileType = "compiled.mach-o.dylib"; name = libopencv_calib3d.dylib; path = "../../../../coretech-external/build/xcode4/opencv-2.4.6.1/lib/Debug/libopencv_calib3d.dylib"; sourceTree = "<group>"; };
		5CCDACA617AC2470000B4375 /* libopencv_contrib.dylib */ = {isa = PBXFileReference; lastKnownFileType = "compiled.mach-o.dylib"; name = libopencv_contrib.dylib; path = "../../../../coretech-external/build/xcode4/opencv-2.4.6.1/lib/Debug/libopencv_contrib.dylib"; sourceTree = "<group>"; };
		5CCDACA717AC2470000B4375 /* libopencv_core.dylib */ = {isa = PBXFileReference; lastKnownFileType = "compiled.mach-o.dylib"; name = libopencv_core.dylib; path = "../../../../coretech-external/build/xcode4/opencv-2.4.6.1/lib/Debug/libopencv_core.dylib"; sourceTree = "<group>"; };
		5CCDACA817AC2470000B4375 /* libopencv_features2d.dylib */ = {isa = PBXFileReference; lastKnownFileType = "compiled.mach-o.dylib"; name = libopencv_features2d.dylib; path = "../../../../coretech-external/build/xcode4/opencv-2.4.6.1/lib/Debug/libopencv_features2d.dylib"; sourceTree = "<group>"; };
		5CCDACA917AC2470000B4375 /* libopencv_flann.dylib */ = {isa = PBXFileReference; lastKnownFileType = "compiled.mach-o.dylib"; name = libopencv_flann.dylib; path = "../../../../coretech-external/build/xcode4/opencv-2.4.6.1/lib/Debug/libopencv_flann.dylib"; sourceTree = "<group>"; };
		5CCDACAA17AC2470000B4375 /* libopencv_gpu.dylib */ = {isa = PBXFileReference; lastKnownFileType = "compiled.mach-o.dylib"; name = libopencv_gpu.dylib; path = "../../../../coretech-external/build/xcode4/opencv-2.4.6.1/lib/Debug/libopencv_gpu.dylib"; sourceTree = "<group>"; };
		5CCDACAB17AC2470000B4375 /* libopencv_haartraining_engine.a */ = {isa = PBXFileReference; lastKnownFileType = archive.ar; name = libopencv_haartraining_engine.a; path = "../../../../coretech-external/build/xcode4/opencv-2.4.6.1/lib/Debug/libopencv_haartraining_engine.a"; sourceTree = "<group>"; };
		5CCDACAC17AC2470000B4375 /* libopencv_highgui.dylib */ = {isa = PBXFileReference; lastKnownFileType = "compiled.mach-o.dylib"; name = libopencv_highgui.dylib; path = "../../../../coretech-external/build/xcode4/opencv-2.4.6.1/lib/Debug/libopencv_highgui.dylib"; sourceTree = "<group>"; };
		5CCDACAD17AC2470000B4375 /* libopencv_imgproc.dylib */ = {isa = PBXFileReference; lastKnownFileType = "compiled.mach-o.dylib"; name = libopencv_imgproc.dylib; path = "../../../../coretech-external/build/xcode4/opencv-2.4.6.1/lib/Debug/libopencv_imgproc.dylib"; sourceTree = "<group>"; };
		5CCDACAE17AC2470000B4375 /* libopencv_java246.dylib */ = {isa = PBXFileReference; lastKnownFileType = "compiled.mach-o.dylib"; name = libopencv_java246.dylib; path = "../../../../coretech-external/build/xcode4/opencv-2.4.6.1/lib/Debug/libopencv_java246.dylib"; sourceTree = "<group>"; };
		5CCDACAF17AC2470000B4375 /* libopencv_legacy.dylib */ = {isa = PBXFileReference; lastKnownFileType = "compiled.mach-o.dylib"; name = libopencv_legacy.dylib; path = "../../../../coretech-external/build/xcode4/opencv-2.4.6.1/lib/Debug/libopencv_legacy.dylib"; sourceTree = "<group>"; };
		5CCDACB017AC2470000B4375 /* libopencv_ml.dylib */ = {isa = PBXFileReference; lastKnownFileType = "compiled.mach-o.dylib"; name = libopencv_ml.dylib; path = "../../../../coretech-external/build/xcode4/opencv-2.4.6.1/lib/Debug/libopencv_ml.dylib"; sourceTree = "<group>"; };
		5CCDACB117AC2470000B4375 /* libopencv_nonfree.dylib */ = {isa = PBXFileReference; lastKnownFileType = "compiled.mach-o.dylib"; name = libopencv_nonfree.dylib; path = "../../../../coretech-external/build/xcode4/opencv-2.4.6.1/lib/Debug/libopencv_nonfree.dylib"; sourceTree = "<group>"; };
		5CCDACB217AC2470000B4375 /* libopencv_objdetect.dylib */ = {isa = PBXFileReference; lastKnownFileType = "compiled.mach-o.dylib"; name = libopencv_objdetect.dylib; path = "../../../../coretech-external/build/xcode4/opencv-2.4.6.1/lib/Debug/libopencv_objdetect.dylib"; sourceTree = "<group>"; };
		5CCDACB317AC2470000B4375 /* libopencv_ocl.dylib */ = {isa = PBXFileReference; lastKnownFileType = "compiled.mach-o.dylib"; name = libopencv_ocl.dylib; path = "../../../../coretech-external/build/xcode4/opencv-2.4.6.1/lib/Debug/libopencv_ocl.dylib"; sourceTree = "<group>"; };
		5CCDACB417AC2470000B4375 /* libopencv_photo.dylib */ = {isa = PBXFileReference; lastKnownFileType = "compiled.mach-o.dylib"; name = libopencv_photo.dylib; path = "../../../../coretech-external/build/xcode4/opencv-2.4.6.1/lib/Debug/libopencv_photo.dylib"; sourceTree = "<group>"; };
		5CCDACB517AC2470000B4375 /* libopencv_stitching.dylib */ = {isa = PBXFileReference; lastKnownFileType = "compiled.mach-o.dylib"; name = libopencv_stitching.dylib; path = "../../../../coretech-external/build/xcode4/opencv-2.4.6.1/lib/Debug/libopencv_stitching.dylib"; sourceTree = "<group>"; };
		5CCDACB617AC2470000B4375 /* libopencv_superres.dylib */ = {isa = PBXFileReference; lastKnownFileType = "compiled.mach-o.dylib"; name = libopencv_superres.dylib; path = "../../../../coretech-external/build/xcode4/opencv-2.4.6.1/lib/Debug/libopencv_superres.dylib"; sourceTree = "<group>"; };
		5CCDACB717AC2470000B4375 /* libopencv_ts.dylib */ = {isa = PBXFileReference; lastKnownFileType = "compiled.mach-o.dylib"; name = libopencv_ts.dylib; path = "../../../../coretech-external/build/xcode4/opencv-2.4.6.1/lib/Debug/libopencv_ts.dylib"; sourceTree = "<group>"; };
		5CCDACB817AC2470000B4375 /* libopencv_video.dylib */ = {isa = PBXFileReference; lastKnownFileType = "compiled.mach-o.dylib"; name = libopencv_video.dylib; path = "../../../../coretech-external/build/xcode4/opencv-2.4.6.1/lib/Debug/libopencv_video.dylib"; sourceTree = "<group>"; };
		5CCDACB917AC2470000B4375 /* libopencv_videostab.dylib */ = {isa = PBXFileReference; lastKnownFileType = "compiled.mach-o.dylib"; name = libopencv_videostab.dylib; path = "../../../../coretech-external/build/xcode4/opencv-2.4.6.1/lib/Debug/libopencv_videostab.dylib"; sourceTree = "<group>"; };
		5CCDACCF17AC247E000B4375 /* libgtest_main.a */ = {isa = PBXFileReference; lastKnownFileType = archive.ar; name = libgtest_main.a; path = "../../../../coretech-external/build/xcode4/gtest-1.7.0/Debug/libgtest_main.a"; sourceTree = "<group>"; };
		5CCDACD017AC247E000B4375 /* libgtest.a */ = {isa = PBXFileReference; lastKnownFileType = archive.ar; name = libgtest.a; path = "../../../../coretech-external/build/xcode4/gtest-1.7.0/Debug/libgtest.a"; sourceTree = "<group>"; };
/* End PBXFileReference section */

/* Begin PBXFrameworksBuildPhase section */
		5C7B94BA17AB1F080020CCF7 /* Frameworks */ = {
			isa = PBXFrameworksBuildPhase;
			buildActionMask = 2147483647;
			files = (
				5CCDACD117AC247E000B4375 /* libgtest_main.a in Frameworks */,
				5CCDACD217AC247E000B4375 /* libgtest.a in Frameworks */,
				5CCDACBA17AC2470000B4375 /* libopencv_calib3d.dylib in Frameworks */,
				5CCDACBB17AC2470000B4375 /* libopencv_contrib.dylib in Frameworks */,
				5CCDACBC17AC2470000B4375 /* libopencv_core.dylib in Frameworks */,
				5CCDACBD17AC2470000B4375 /* libopencv_features2d.dylib in Frameworks */,
				5CCDACBE17AC2470000B4375 /* libopencv_flann.dylib in Frameworks */,
				5CCDACBF17AC2470000B4375 /* libopencv_gpu.dylib in Frameworks */,
				5CCDACC017AC2470000B4375 /* libopencv_haartraining_engine.a in Frameworks */,
				5CCDACC117AC2470000B4375 /* libopencv_highgui.dylib in Frameworks */,
				5CCDACC217AC2470000B4375 /* libopencv_imgproc.dylib in Frameworks */,
				5CCDACC317AC2470000B4375 /* libopencv_java246.dylib in Frameworks */,
				5CCDACC417AC2470000B4375 /* libopencv_legacy.dylib in Frameworks */,
				5CCDACC517AC2470000B4375 /* libopencv_ml.dylib in Frameworks */,
				5CCDACC617AC2470000B4375 /* libopencv_nonfree.dylib in Frameworks */,
				5CCDACC717AC2470000B4375 /* libopencv_objdetect.dylib in Frameworks */,
				5CCDACC817AC2470000B4375 /* libopencv_ocl.dylib in Frameworks */,
				5CCDACC917AC2470000B4375 /* libopencv_photo.dylib in Frameworks */,
				5CCDACCA17AC2470000B4375 /* libopencv_stitching.dylib in Frameworks */,
				5CCDACCB17AC2470000B4375 /* libopencv_superres.dylib in Frameworks */,
				5CCDACCC17AC2470000B4375 /* libopencv_ts.dylib in Frameworks */,
				5CCDACCD17AC2470000B4375 /* libopencv_video.dylib in Frameworks */,
				5CCDACCE17AC2470000B4375 /* libopencv_videostab.dylib in Frameworks */,
				5C74C53C17AB42AF007BD21C /* libeng.dylib in Frameworks */,
				5C74C53D17AB42AF007BD21C /* libmx.dylib in Frameworks */,
				5C74C53917AB4289007BD21C /* libCoreTech_Common.a in Frameworks */,
			);
			runOnlyForDeploymentPostprocessing = 0;
		};
/* End PBXFrameworksBuildPhase section */

/* Begin PBXGroup section */
		5C7B94B417AB1F080020CCF7 = {
			isa = PBXGroup;
			children = (
				5CCDACCF17AC247E000B4375 /* libgtest_main.a */,
				5CCDACD017AC247E000B4375 /* libgtest.a */,
				5CCDACA517AC2470000B4375 /* libopencv_calib3d.dylib */,
				5CCDACA617AC2470000B4375 /* libopencv_contrib.dylib */,
				5CCDACA717AC2470000B4375 /* libopencv_core.dylib */,
				5CCDACA817AC2470000B4375 /* libopencv_features2d.dylib */,
				5CCDACA917AC2470000B4375 /* libopencv_flann.dylib */,
				5CCDACAA17AC2470000B4375 /* libopencv_gpu.dylib */,
				5CCDACAB17AC2470000B4375 /* libopencv_haartraining_engine.a */,
				5CCDACAC17AC2470000B4375 /* libopencv_highgui.dylib */,
				5CCDACAD17AC2470000B4375 /* libopencv_imgproc.dylib */,
				5CCDACAE17AC2470000B4375 /* libopencv_java246.dylib */,
				5CCDACAF17AC2470000B4375 /* libopencv_legacy.dylib */,
				5CCDACB017AC2470000B4375 /* libopencv_ml.dylib */,
				5CCDACB117AC2470000B4375 /* libopencv_nonfree.dylib */,
				5CCDACB217AC2470000B4375 /* libopencv_objdetect.dylib */,
				5CCDACB317AC2470000B4375 /* libopencv_ocl.dylib */,
				5CCDACB417AC2470000B4375 /* libopencv_photo.dylib */,
				5CCDACB517AC2470000B4375 /* libopencv_stitching.dylib */,
				5CCDACB617AC2470000B4375 /* libopencv_superres.dylib */,
				5CCDACB717AC2470000B4375 /* libopencv_ts.dylib */,
				5CCDACB817AC2470000B4375 /* libopencv_video.dylib */,
				5CCDACB917AC2470000B4375 /* libopencv_videostab.dylib */,
				5C74C53A17AB42AF007BD21C /* libeng.dylib */,
				5C74C53B17AB42AF007BD21C /* libmx.dylib */,
				5C74C53817AB4289007BD21C /* libCoreTech_Common.a */,
				5C7B94C917AB1F2F0020CCF7 /* common_Test.cpp */,
				5C7B94BF17AB1F080020CCF7 /* CoreTech_Common_Test */,
				5C7B94BE17AB1F080020CCF7 /* Products */,
			);
			sourceTree = "<group>";
		};
		5C7B94BE17AB1F080020CCF7 /* Products */ = {
			isa = PBXGroup;
			children = (
				5C7B94BD17AB1F080020CCF7 /* CoreTech_Common_Test */,
			);
			name = Products;
			sourceTree = "<group>";
		};
		5C7B94BF17AB1F080020CCF7 /* CoreTech_Common_Test */ = {
			isa = PBXGroup;
			children = (
				5C7B94C217AB1F080020CCF7 /* CoreTech_Common_Test.1 */,
			);
			path = CoreTech_Common_Test;
			sourceTree = "<group>";
		};
/* End PBXGroup section */

/* Begin PBXNativeTarget section */
		5C7B94BC17AB1F080020CCF7 /* CoreTech_Common_Test */ = {
			isa = PBXNativeTarget;
			buildConfigurationList = 5C7B94C617AB1F080020CCF7 /* Build configuration list for PBXNativeTarget "CoreTech_Common_Test" */;
			buildPhases = (
				5C7B94B917AB1F080020CCF7 /* Sources */,
				5C7B94BA17AB1F080020CCF7 /* Frameworks */,
				5C7B94BB17AB1F080020CCF7 /* CopyFiles */,
			);
			buildRules = (
			);
			dependencies = (
			);
			name = CoreTech_Common_Test;
			productName = CoreTech_Common_Test;
			productReference = 5C7B94BD17AB1F080020CCF7 /* CoreTech_Common_Test */;
			productType = "com.apple.product-type.tool";
		};
/* End PBXNativeTarget section */

/* Begin PBXProject section */
		5C7B94B517AB1F080020CCF7 /* Project object */ = {
			isa = PBXProject;
			attributes = {
				LastUpgradeCheck = 0460;
				ORGANIZATIONNAME = "Peter Barnum";
			};
			buildConfigurationList = 5C7B94B817AB1F080020CCF7 /* Build configuration list for PBXProject "CoreTech_Common_Test" */;
			compatibilityVersion = "Xcode 3.2";
			developmentRegion = English;
			hasScannedForEncodings = 0;
			knownRegions = (
				en,
			);
			mainGroup = 5C7B94B417AB1F080020CCF7;
			productRefGroup = 5C7B94BE17AB1F080020CCF7 /* Products */;
			projectDirPath = "";
			projectRoot = "";
			targets = (
				5C7B94BC17AB1F080020CCF7 /* CoreTech_Common_Test */,
			);
		};
/* End PBXProject section */

/* Begin PBXSourcesBuildPhase section */
		5C7B94B917AB1F080020CCF7 /* Sources */ = {
			isa = PBXSourcesBuildPhase;
			buildActionMask = 2147483647;
			files = (
				5C7B94CA17AB1F2F0020CCF7 /* common_Test.cpp in Sources */,
			);
			runOnlyForDeploymentPostprocessing = 0;
		};
/* End PBXSourcesBuildPhase section */

/* Begin XCBuildConfiguration section */
		5C7B94C417AB1F080020CCF7 /* Debug */ = {
			isa = XCBuildConfiguration;
			buildSettings = {
				ALWAYS_SEARCH_USER_PATHS = NO;
				ARCHS = "$(ARCHS_STANDARD_64_BIT)";
				CLANG_CXX_LANGUAGE_STANDARD = "gnu++0x";
				CLANG_CXX_LIBRARY = "libc++";
				CLANG_WARN_CONSTANT_CONVERSION = YES;
				CLANG_WARN_EMPTY_BODY = YES;
				CLANG_WARN_ENUM_CONVERSION = YES;
				CLANG_WARN_INT_CONVERSION = YES;
				CLANG_WARN__DUPLICATE_METHOD_MATCH = YES;
				COPY_PHASE_STRIP = NO;
				GCC_C_LANGUAGE_STANDARD = gnu99;
				GCC_DYNAMIC_NO_PIC = NO;
				GCC_ENABLE_OBJC_EXCEPTIONS = YES;
				GCC_OPTIMIZATION_LEVEL = 0;
				GCC_PREPROCESSOR_DEFINITIONS = (
					"DEBUG=1",
					"$(inherited)",
				);
				GCC_SYMBOLS_PRIVATE_EXTERN = NO;
				GCC_WARN_64_TO_32_BIT_CONVERSION = YES;
				GCC_WARN_ABOUT_RETURN_TYPE = YES;
				GCC_WARN_UNINITIALIZED_AUTOS = YES;
				GCC_WARN_UNUSED_VARIABLE = YES;
				MACOSX_DEPLOYMENT_TARGET = 10.8;
				ONLY_ACTIVE_ARCH = YES;
				SDKROOT = macosx;
				SYMROOT = "$(SRCROOT)/../../../build/xcode4/";
			};
			name = Debug;
		};
		5C7B94C517AB1F080020CCF7 /* Release */ = {
			isa = XCBuildConfiguration;
			buildSettings = {
				ALWAYS_SEARCH_USER_PATHS = NO;
				ARCHS = "$(ARCHS_STANDARD_64_BIT)";
				CLANG_CXX_LANGUAGE_STANDARD = "gnu++0x";
				CLANG_CXX_LIBRARY = "libc++";
				CLANG_WARN_CONSTANT_CONVERSION = YES;
				CLANG_WARN_EMPTY_BODY = YES;
				CLANG_WARN_ENUM_CONVERSION = YES;
				CLANG_WARN_INT_CONVERSION = YES;
				CLANG_WARN__DUPLICATE_METHOD_MATCH = YES;
				COPY_PHASE_STRIP = YES;
				DEBUG_INFORMATION_FORMAT = "dwarf-with-dsym";
				GCC_C_LANGUAGE_STANDARD = gnu99;
				GCC_ENABLE_OBJC_EXCEPTIONS = YES;
				GCC_WARN_64_TO_32_BIT_CONVERSION = YES;
				GCC_WARN_ABOUT_RETURN_TYPE = YES;
				GCC_WARN_UNINITIALIZED_AUTOS = YES;
				GCC_WARN_UNUSED_VARIABLE = YES;
				MACOSX_DEPLOYMENT_TARGET = 10.8;
				SDKROOT = macosx;
				SYMROOT = "$(SRCROOT)/../../../build/xcode4/";
			};
			name = Release;
		};
		5C7B94C717AB1F080020CCF7 /* Debug */ = {
			isa = XCBuildConfiguration;
			buildSettings = {
				HEADER_SEARCH_PATHS = (
					../../../include,
					"$(SYSTEM_APPS_DIR)/MATLAB_R2013a.app/extern/include",
					"../../../../coretech-external/opencv-2.4.6.1/include",
					"../../../../coretech-external/opencv-2.4.6.1/modules/calib3d/include",
					"../../../../coretech-external/opencv-2.4.6.1/modules/contrib/include",
					"../../../../coretech-external/opencv-2.4.6.1/modules/core/include",
					"../../../../coretech-external/opencv-2.4.6.1/modules/features2d/include",
					"../../../../coretech-external/opencv-2.4.6.1/modules/flann/include",
					"../../../../coretech-external/opencv-2.4.6.1/modules/highgui/include",
					"../../../../coretech-external/opencv-2.4.6.1/modules/imgproc/include",
					"../../../../coretech-external/opencv-2.4.6.1/modules/legacy/include",
					"../../../../coretech-external/opencv-2.4.6.1/modules/ml/include",
					"../../../../coretech-external/opencv-2.4.6.1/modules/nonfree/include",
					"../../../../coretech-external/opencv-2.4.6.1/modules/objdetect/include",
					"../../../../coretech-external/opencv-2.4.6.1/modules/ocl/include",
					"../../../../coretech-external/opencv-2.4.6.1/modules/photo/include",
					"../../../../coretech-external/opencv-2.4.6.1/modules/stitching/include",
					"../../../../coretech-external/opencv-2.4.6.1/modules/superres/include",
					"../../../../coretech-external/opencv-2.4.6.1/modules/video/include",
					"../../../../coretech-external/opencv-2.4.6.1/modules/videostab/include",
					"../../../../coretech-external/gtest/include",
				);
				LD_RUNPATH_SEARCH_PATHS = "$(SYSTEM_APPS_DIR)/MATLAB_R2013a.app/bin/maci64";
				LIBRARY_SEARCH_PATHS = (
					"$(inherited)",
					"\"$(SYSTEM_APPS_DIR)/MATLAB_R2013a.app/bin/maci64\"",
					"\"$(SRCROOT)/../../../../coretech-external/build/xcode4/opencv-2.4.6.1/lib/Debug\"",
					"\"$(SRCROOT)/../../../../coretech-external/build/xcode4/gtest-1.7.0/Debug\"",
				);
				PRODUCT_NAME = "$(TARGET_NAME)";
				SYMROOT = "$(SRCROOT)/../../../build/xcode4/";
			};
			name = Debug;
		};
		5C7B94C817AB1F080020CCF7 /* Release */ = {
			isa = XCBuildConfiguration;
			buildSettings = {
				HEADER_SEARCH_PATHS = (
					../../../include,
					"$(SYSTEM_APPS_DIR)/MATLAB_R2013a.app/extern/include",
					"../../../../coretech-external/opencv-2.4.6.1/include",
					"../../../../coretech-external/opencv-2.4.6.1/modules/calib3d/include",
					"../../../../coretech-external/opencv-2.4.6.1/modules/contrib/include",
					"../../../../coretech-external/opencv-2.4.6.1/modules/core/include",
					"../../../../coretech-external/opencv-2.4.6.1/modules/features2d/include",
					"../../../../coretech-external/opencv-2.4.6.1/modules/flann/include",
					"../../../../coretech-external/opencv-2.4.6.1/modules/highgui/include",
					"../../../../coretech-external/opencv-2.4.6.1/modules/imgproc/include",
					"../../../../coretech-external/opencv-2.4.6.1/modules/legacy/include",
					"../../../../coretech-external/opencv-2.4.6.1/modules/ml/include",
					"../../../../coretech-external/opencv-2.4.6.1/modules/nonfree/include",
					"../../../../coretech-external/opencv-2.4.6.1/modules/objdetect/include",
					"../../../../coretech-external/opencv-2.4.6.1/modules/ocl/include",
					"../../../../coretech-external/opencv-2.4.6.1/modules/photo/include",
					"../../../../coretech-external/opencv-2.4.6.1/modules/stitching/include",
					"../../../../coretech-external/opencv-2.4.6.1/modules/superres/include",
					"../../../../coretech-external/opencv-2.4.6.1/modules/video/include",
					"../../../../coretech-external/opencv-2.4.6.1/modules/videostab/include",
					"../../../../coretech-external/gtest/include",
				);
				LD_RUNPATH_SEARCH_PATHS = "$(SYSTEM_APPS_DIR)/MATLAB_R2013a.app/bin/maci64";
				LIBRARY_SEARCH_PATHS = (
					"$(inherited)",
					"\"$(SYSTEM_APPS_DIR)/MATLAB_R2013a.app/bin/maci64\"",
					"\"$(SRCROOT)/../../../../coretech-external/build/xcode4/opencv-2.4.6.1/lib/Debug\"",
					"\"$(SRCROOT)/../../../../coretech-external/build/xcode4/gtest-1.7.0/Debug\"",
				);
				PRODUCT_NAME = "$(TARGET_NAME)";
				SYMROOT = "$(SRCROOT)/../../../build/xcode4/";
			};
			name = Release;
		};
/* End XCBuildConfiguration section */

/* Begin XCConfigurationList section */
		5C7B94B817AB1F080020CCF7 /* Build configuration list for PBXProject "CoreTech_Common_Test" */ = {
			isa = XCConfigurationList;
			buildConfigurations = (
				5C7B94C417AB1F080020CCF7 /* Debug */,
				5C7B94C517AB1F080020CCF7 /* Release */,
			);
			defaultConfigurationIsVisible = 0;
			defaultConfigurationName = Release;
		};
		5C7B94C617AB1F080020CCF7 /* Build configuration list for PBXNativeTarget "CoreTech_Common_Test" */ = {
			isa = XCConfigurationList;
			buildConfigurations = (
				5C7B94C717AB1F080020CCF7 /* Debug */,
				5C7B94C817AB1F080020CCF7 /* Release */,
			);
			defaultConfigurationIsVisible = 0;
			defaultConfigurationName = Release;
		};
/* End XCConfigurationList section */
	};
	rootObject = 5C7B94B517AB1F080020CCF7 /* Project object */;
}
